// !$*UTF8*$!
{
	archiveVersion = 1;
	classes = {
	};
	objectVersion = 46;
	objects = {

/* Begin PBXAggregateTarget section */
		05043AEE30264014A9409F9F /* uninstall */ = {
			isa = PBXAggregateTarget;
			buildConfigurationList = 05E4523E8E2B49EC9E042593 /* Build configuration list for PBXAggregateTarget "uninstall" */;
			buildPhases = (
				8BB913C8DEDE4DBC9DD13D73 /* CMake Rules */,
			);
			dependencies = (
			);
			name = uninstall;
			productName = uninstall;
		};
		13A2D19C59624790B2369B7E /* ZERO_CHECK */ = {
			isa = PBXAggregateTarget;
			buildConfigurationList = F4F821D261304D0584807DDC /* Build configuration list for PBXAggregateTarget "ZERO_CHECK" */;
			buildPhases = (
				3746D181316F4436B84466F9 /* CMake Rules */,
			);
			dependencies = (
			);
			name = ZERO_CHECK;
			productName = ZERO_CHECK;
		};
		D1F7BEA16F97459296C4549E /* install */ = {
			isa = PBXAggregateTarget;
			buildConfigurationList = A3C6DA49410E4D1AB7741D3C /* Build configuration list for PBXAggregateTarget "install" */;
			buildPhases = (
				104BDF7BA36048FAB6B74C69 /* CMake PostBuild Rules */,
			);
			dependencies = (
				76C20C5493554CC9B07A1DC1 /* PBXTargetDependency */,
			);
			name = install;
			productName = install;
		};
		DC59E83731D5404095C9CA82 /* ALL_BUILD */ = {
			isa = PBXAggregateTarget;
			buildConfigurationList = 56415DE2D40E48B89CFD4939 /* Build configuration list for PBXAggregateTarget "ALL_BUILD" */;
			buildPhases = (
				7344ADB5AD004D36B0DFEA2E /* CMake Rules */,
			);
			dependencies = (
				9944A997529E497DBCD62763 /* PBXTargetDependency */,
				2A9B908577ED4A748A574658 /* PBXTargetDependency */,
				D4FF238AC30C4EA5939A42F2 /* PBXTargetDependency */,
			);
			name = ALL_BUILD;
			productName = ALL_BUILD;
		};
/* End PBXAggregateTarget section */

/* Begin PBXBuildFile section */
		018AB5CD52F344A29A6DA304 /* /Users/sarabilich/Documents/ICEX/kmreimerICEX/src/Utilities.cpp */ = {isa = PBXBuildFile; fileRef = A0C47032E98F4E3D8C2AD3E3 /* /Users/sarabilich/Documents/ICEX/kmreimerICEX/src/Utilities.cpp */; settings = {COMPILER_FLAGS = ""; }; };
		03A6405FD7384932808D5E66 /* /Users/sarabilich/Documents/lib/glfw-3.1.2/include/GLFW/glfw3.h */ = {isa = PBXBuildFile; fileRef = 8480740113584F68A05AC435 /* /Users/sarabilich/Documents/lib/glfw-3.1.2/include/GLFW/glfw3.h */; settings = {COMPILER_FLAGS = ""; }; };
		0487254721A645AD989C9FE7 /* /Users/sarabilich/Documents/ICEX/kmreimerICEX/src/MatrixStack.h */ = {isa = PBXBuildFile; fileRef = A1822199E840440FA6139BEF /* /Users/sarabilich/Documents/ICEX/kmreimerICEX/src/MatrixStack.h */; settings = {COMPILER_FLAGS = ""; }; };
		0AB4B84FB9974F359B3002E7 /* /Users/sarabilich/Documents/lib/glfw-3.1.2/src/posix_tls.c */ = {isa = PBXBuildFile; fileRef = FD8C41A4B45E4D1887C25F88 /* /Users/sarabilich/Documents/lib/glfw-3.1.2/src/posix_tls.c */; settings = {COMPILER_FLAGS = ""; }; };
		0D0AF40513034E7CA7883A70 /* /Users/sarabilich/Documents/ICEX/kmreimerICEX/src/GLSL.cpp */ = {isa = PBXBuildFile; fileRef = 136A1A1967FF4498AE5A0038 /* /Users/sarabilich/Documents/ICEX/kmreimerICEX/src/GLSL.cpp */; settings = {COMPILER_FLAGS = ""; }; };
		0D993CD6CB614A198990F4C6 /* /Users/sarabilich/Documents/ICEX/kmreimerICEX/resources/fading_waving_phong_vert.glsl */ = {isa = PBXBuildFile; fileRef = AE08D43CDC904ED89617AB93 /* /Users/sarabilich/Documents/ICEX/kmreimerICEX/resources/fading_waving_phong_vert.glsl */; settings = {COMPILER_FLAGS = ""; }; };
		0DB76E8CE7B54BD3B5A29DAC /* /Users/sarabilich/Documents/ICEX/kmreimerICEX/src/Shark.h */ = {isa = PBXBuildFile; fileRef = CCD9E5B0F2F14A45B97C6678 /* /Users/sarabilich/Documents/ICEX/kmreimerICEX/src/Shark.h */; settings = {COMPILER_FLAGS = ""; }; };
		13516AF2E82F4D218498A0E2 /* /Users/sarabilich/Documents/ICEX/kmreimerICEX/resources/fading_shark_phong_frag.glsl */ = {isa = PBXBuildFile; fileRef = 61BA458A4B844A7AAE303307 /* /Users/sarabilich/Documents/ICEX/kmreimerICEX/resources/fading_shark_phong_frag.glsl */; settings = {COMPILER_FLAGS = ""; }; };
		1B4C1C165824484E84A7F468 /* /Users/sarabilich/Documents/ICEX/kmreimerICEX/resources/fading_shark_phong_vert.glsl */ = {isa = PBXBuildFile; fileRef = 8CFCCC4E1B1943209D63AAF2 /* /Users/sarabilich/Documents/ICEX/kmreimerICEX/resources/fading_shark_phong_vert.glsl */; settings = {COMPILER_FLAGS = ""; }; };
		1E806DC2454D4B98A92AD1A2 /* /Users/sarabilich/Documents/ICEX/kmreimerICEX/src/MatrixStack.cpp */ = {isa = PBXBuildFile; fileRef = EBAFA5F6BDD142F0B47CCED6 /* /Users/sarabilich/Documents/ICEX/kmreimerICEX/src/MatrixStack.cpp */; settings = {COMPILER_FLAGS = ""; }; };
		2087253D78A64F56B9816AC6 /* /Users/sarabilich/Documents/ICEX/kmreimerICEX/src/GLSL.h */ = {isa = PBXBuildFile; fileRef = 8D5447DF4F80468D8A62AE1A /* /Users/sarabilich/Documents/ICEX/kmreimerICEX/src/GLSL.h */; settings = {COMPILER_FLAGS = ""; }; };
		2CBA25113E2140459B05A296 /* /Users/sarabilich/Documents/ICEX/kmreimerICEX/src/Image.h */ = {isa = PBXBuildFile; fileRef = 9B8E168E7C574A6E999D8F8B /* /Users/sarabilich/Documents/ICEX/kmreimerICEX/src/Image.h */; settings = {COMPILER_FLAGS = ""; }; };
		2E3E895C64774FEB8C287A34 /* /Users/sarabilich/Documents/lib/glfw-3.1.2/include/GLFW/glfw3native.h */ = {isa = PBXBuildFile; fileRef = 76184D602AD54744A938BCD0 /* /Users/sarabilich/Documents/lib/glfw-3.1.2/include/GLFW/glfw3native.h */; settings = {COMPILER_FLAGS = ""; }; };
		2F8E89ED0E27451B83213E3F /* /Users/sarabilich/Documents/ICEX/kmreimerICEX/src/Bubbles.h */ = {isa = PBXBuildFile; fileRef = 841EDC70586344DABE0D95ED /* /Users/sarabilich/Documents/ICEX/kmreimerICEX/src/Bubbles.h */; settings = {COMPILER_FLAGS = ""; }; };
		3AD4D7B4843F457EB80E6176 /* /Users/sarabilich/Documents/ICEX/kmreimerICEX/CMakeLists.txt */ = {isa = PBXBuildFile; fileRef = 86ABF3E0073D4120AAB08B1B /* /Users/sarabilich/Documents/ICEX/kmreimerICEX/CMakeLists.txt */; settings = {COMPILER_FLAGS = ""; }; };
		3E326903D2604558964F114C /* /Users/sarabilich/Documents/lib/glfw-3.1.2/src/cocoa_monitor.m */ = {isa = PBXBuildFile; fileRef = 06B0B3BC58EE409EAE349C07 /* /Users/sarabilich/Documents/lib/glfw-3.1.2/src/cocoa_monitor.m */; settings = {COMPILER_FLAGS = ""; }; };
		4422C98F9F814B40AA1FCC28 /* /Users/sarabilich/Documents/ICEX/kmreimerICEX/resources/pass_vert.glsl */ = {isa = PBXBuildFile; fileRef = 0D9E5D6C700D4A2AB81D6DE0 /* /Users/sarabilich/Documents/ICEX/kmreimerICEX/resources/pass_vert.glsl */; settings = {COMPILER_FLAGS = ""; }; };
		4871F1E414934C98873FB49D /* /Users/sarabilich/Documents/ICEX/kmreimerICEX/src/Program.h */ = {isa = PBXBuildFile; fileRef = 136951FA390D4A45A8975686 /* /Users/sarabilich/Documents/ICEX/kmreimerICEX/src/Program.h */; settings = {COMPILER_FLAGS = ""; }; };
		51F3ABBBF68F436CA831B967 /* /Users/sarabilich/Documents/ICEX/kmreimerICEX/src/Shape.h */ = {isa = PBXBuildFile; fileRef = 8CFD05CC12784F83B1C222CE /* /Users/sarabilich/Documents/ICEX/kmreimerICEX/src/Shape.h */; settings = {COMPILER_FLAGS = ""; }; };
		567A4A74F6F54039BB5ED181 /* /Users/sarabilich/Documents/ICEX/kmreimerICEX/resources/fading_tex_phong_frag.glsl */ = {isa = PBXBuildFile; fileRef = AFA2078B64C34F61A1D78BEC /* /Users/sarabilich/Documents/ICEX/kmreimerICEX/resources/fading_tex_phong_frag.glsl */; settings = {COMPILER_FLAGS = ""; }; };
		63E905703D08459A94AA754C /* /Users/sarabilich/Documents/lib/glfw-3.1.2/src/input.c */ = {isa = PBXBuildFile; fileRef = 31AA655570374F1F802CFE40 /* /Users/sarabilich/Documents/lib/glfw-3.1.2/src/input.c */; settings = {COMPILER_FLAGS = ""; }; };
		6BB7CDC044854B26B16E8156 /* /Users/sarabilich/Documents/ICEX/kmreimerICEX/src/stb_image.h */ = {isa = PBXBuildFile; fileRef = CFF32E085A1A435C8D8706FB /* /Users/sarabilich/Documents/ICEX/kmreimerICEX/src/stb_image.h */; settings = {COMPILER_FLAGS = ""; }; };
		6FCB7B505D7F4CF3B33B0CBF /* /Users/sarabilich/Documents/ICEX/kmreimerICEX/src/Program.cpp */ = {isa = PBXBuildFile; fileRef = F80AC9794CF84DE2ACCD3ACD /* /Users/sarabilich/Documents/ICEX/kmreimerICEX/src/Program.cpp */; settings = {COMPILER_FLAGS = ""; }; };
		7CFE367748BF423D9158FB91 /* /Users/sarabilich/Documents/ICEX/kmreimerICEX/src/main.cpp */ = {isa = PBXBuildFile; fileRef = EA59DD119CE842E898CAE7F9 /* /Users/sarabilich/Documents/ICEX/kmreimerICEX/src/main.cpp */; settings = {COMPILER_FLAGS = ""; }; };
		7D267A546C3541F7A4C9089D /* /Users/sarabilich/Documents/ICEX/kmreimerICEX/src/Shape.cpp */ = {isa = PBXBuildFile; fileRef = D9C9EE1B1F464656B86411E4 /* /Users/sarabilich/Documents/ICEX/kmreimerICEX/src/Shape.cpp */; settings = {COMPILER_FLAGS = ""; }; };
		81975F9639E14F338941FFED /* /Users/sarabilich/Documents/ICEX/kmreimerICEX/resources/fading_waving_phong_frag.glsl */ = {isa = PBXBuildFile; fileRef = 4F840F69089247CF8CD596B7 /* /Users/sarabilich/Documents/ICEX/kmreimerICEX/resources/fading_waving_phong_frag.glsl */; settings = {COMPILER_FLAGS = ""; }; };
		8745CDA4507C4F948EE6E5AF /* /Users/sarabilich/Documents/lib/glfw-3.1.2/src/internal.h */ = {isa = PBXBuildFile; fileRef = D7B540B163F64524ADCB0DCB /* /Users/sarabilich/Documents/lib/glfw-3.1.2/src/internal.h */; settings = {COMPILER_FLAGS = ""; }; };
		89180892640E416DAA817B40 /* /Users/sarabilich/Documents/ICEX/kmreimerICEX/src/Texture.cpp */ = {isa = PBXBuildFile; fileRef = C1144399475446AD87ABDA63 /* /Users/sarabilich/Documents/ICEX/kmreimerICEX/src/Texture.cpp */; settings = {COMPILER_FLAGS = ""; }; };
		8969406360F14A97BEA9D0F7 /* /Users/sarabilich/Documents/lib/glfw-3.1.2/src/cocoa_window.m */ = {isa = PBXBuildFile; fileRef = 3719942E0BCA4B978EA262BD /* /Users/sarabilich/Documents/lib/glfw-3.1.2/src/cocoa_window.m */; settings = {COMPILER_FLAGS = ""; }; };
		8AA941FB0E684A219CB4E176 /* /Users/sarabilich/Documents/ICEX/kmreimerICEX/src/Bubbles.cpp */ = {isa = PBXBuildFile; fileRef = E520D64AE78A448684B253D8 /* /Users/sarabilich/Documents/ICEX/kmreimerICEX/src/Bubbles.cpp */; settings = {COMPILER_FLAGS = ""; }; };
		8DDB4880460343888CC97444 /* /Users/sarabilich/Documents/lib/glfw-3.1.2/src/nsgl_context.m */ = {isa = PBXBuildFile; fileRef = DA73CF487F1A4A8C9E15EDED /* /Users/sarabilich/Documents/lib/glfw-3.1.2/src/nsgl_context.m */; settings = {COMPILER_FLAGS = ""; }; };
		8F1C88B4819847D493EBA1E5 /* /Users/sarabilich/Documents/lib/glfw-3.1.2/src/context.c */ = {isa = PBXBuildFile; fileRef = AFC89B953D534FE9AA75346F /* /Users/sarabilich/Documents/lib/glfw-3.1.2/src/context.c */; settings = {COMPILER_FLAGS = ""; }; };
		91F0B33ACA2E45829EA36AC8 /* /Users/sarabilich/Documents/ICEX/kmreimerICEX/src/Image.cpp */ = {isa = PBXBuildFile; fileRef = B4088C85DA5145B0BEAE0F57 /* /Users/sarabilich/Documents/ICEX/kmreimerICEX/src/Image.cpp */; settings = {COMPILER_FLAGS = ""; }; };
		92AF6E1066FE487A94069496 /* /Users/sarabilich/Documents/ICEX/kmreimerICEX/src/Link.h */ = {isa = PBXBuildFile; fileRef = F0D3A1D52F6E43D5A76B8C41 /* /Users/sarabilich/Documents/ICEX/kmreimerICEX/src/Link.h */; settings = {COMPILER_FLAGS = ""; }; };
		965EF46A906A404587BDD221 /* /Users/sarabilich/Documents/ICEX/kmreimerICEX/resources/fading_phong_frag.glsl */ = {isa = PBXBuildFile; fileRef = 2F97BA1C588C4FF4A158F585 /* /Users/sarabilich/Documents/ICEX/kmreimerICEX/resources/fading_phong_frag.glsl */; settings = {COMPILER_FLAGS = ""; }; };
		9A21039F77BE40959202BAD2 /* /Users/sarabilich/Documents/lib/glfw-3.1.2/debug/src/glfw_config.h */ = {isa = PBXBuildFile; fileRef = 00EC5FD4A0B645C982C67935 /* /Users/sarabilich/Documents/lib/glfw-3.1.2/debug/src/glfw_config.h */; settings = {COMPILER_FLAGS = ""; }; };
		9C433F5C63294D14B4AD5F88 /* /Users/sarabilich/Documents/ICEX/kmreimerICEX/src/Texture.h */ = {isa = PBXBuildFile; fileRef = 0BB7756F95FC4F4F94E56E5F /* /Users/sarabilich/Documents/ICEX/kmreimerICEX/src/Texture.h */; settings = {COMPILER_FLAGS = ""; }; };
		9DC4B590A3F143439C3B7336 /* /Users/sarabilich/Documents/lib/glfw-3.1.2/src/CMakeLists.txt */ = {isa = PBXBuildFile; fileRef = F4666F11A31E4852ABC236B7 /* /Users/sarabilich/Documents/lib/glfw-3.1.2/src/CMakeLists.txt */; settings = {COMPILER_FLAGS = ""; }; };
		9DF464DDBE724DFD877A7579 /* /Users/sarabilich/Documents/lib/glfw-3.1.2/src/iokit_joystick.m */ = {isa = PBXBuildFile; fileRef = 197D45F912D9499998C79A5C /* /Users/sarabilich/Documents/lib/glfw-3.1.2/src/iokit_joystick.m */; settings = {COMPILER_FLAGS = ""; }; };
		A371F2D2F2AA42BEAD66882E /* /Users/sarabilich/Documents/ICEX/kmreimerICEX/src/tiny_obj_loader.h */ = {isa = PBXBuildFile; fileRef = F679EA826909410998634DC3 /* /Users/sarabilich/Documents/ICEX/kmreimerICEX/src/tiny_obj_loader.h */; settings = {COMPILER_FLAGS = ""; }; };
		AD63DC42EFF646BF820C314E /* /Users/sarabilich/Documents/ICEX/kmreimerICEX/src/Shark.cpp */ = {isa = PBXBuildFile; fileRef = E3AE79E517C5478FA984C01A /* /Users/sarabilich/Documents/ICEX/kmreimerICEX/src/Shark.cpp */; settings = {COMPILER_FLAGS = ""; }; };
		B1A3ACB161144D8B971CA08C /* /Users/sarabilich/Documents/ICEX/kmreimerICEX/src/Link.cpp */ = {isa = PBXBuildFile; fileRef = ADCE4368587C4ADE8A13AEAC /* /Users/sarabilich/Documents/ICEX/kmreimerICEX/src/Link.cpp */; settings = {COMPILER_FLAGS = ""; }; };
		B41EC78398F84303A9CD30A5 /* /Users/sarabilich/Documents/lib/glfw-3.1.2/src/cocoa_platform.h */ = {isa = PBXBuildFile; fileRef = 793181F821FD49819F529AA1 /* /Users/sarabilich/Documents/lib/glfw-3.1.2/src/cocoa_platform.h */; settings = {COMPILER_FLAGS = ""; }; };
		BD4596AC72B04858AC7A8A5A /* /Users/sarabilich/Documents/ICEX/kmreimerICEX/resources/tex_frag.glsl */ = {isa = PBXBuildFile; fileRef = 50498ED3D5F0422FB554B29A /* /Users/sarabilich/Documents/ICEX/kmreimerICEX/resources/tex_frag.glsl */; settings = {COMPILER_FLAGS = ""; }; };
		C0CC3C5945E64806A76316E8 /* /Users/sarabilich/Documents/lib/glfw-3.1.2/src/monitor.c */ = {isa = PBXBuildFile; fileRef = E500B0017EA246E6AB3439EC /* /Users/sarabilich/Documents/lib/glfw-3.1.2/src/monitor.c */; settings = {COMPILER_FLAGS = ""; }; };
		C60285F13CFC47C698FF6310 /* /Users/sarabilich/Documents/lib/glfw-3.1.2/src/init.c */ = {isa = PBXBuildFile; fileRef = 443678F953734253A9263C10 /* /Users/sarabilich/Documents/lib/glfw-3.1.2/src/init.c */; settings = {COMPILER_FLAGS = ""; }; };
		D119F7C88FA64AB29255662B /* /Users/sarabilich/Documents/lib/glfw-3.1.2/src/iokit_joystick.h */ = {isa = PBXBuildFile; fileRef = 2C84F8BC4EE24388AB11AA1D /* /Users/sarabilich/Documents/lib/glfw-3.1.2/src/iokit_joystick.h */; settings = {COMPILER_FLAGS = ""; }; };
		D3FB4D439DEA4EA1829A132D /* /Users/sarabilich/Documents/lib/glfw-3.1.2/src/mach_time.c */ = {isa = PBXBuildFile; fileRef = 06F929F262254874B261CFF6 /* /Users/sarabilich/Documents/lib/glfw-3.1.2/src/mach_time.c */; settings = {COMPILER_FLAGS = ""; }; };
		D6BDE2187E454BCEBDCD8D39 /* /Users/sarabilich/Documents/ICEX/kmreimerICEX/resources/fading_tex_phong_vert.glsl */ = {isa = PBXBuildFile; fileRef = ECE706F5101A48BB8235503C /* /Users/sarabilich/Documents/ICEX/kmreimerICEX/resources/fading_tex_phong_vert.glsl */; settings = {COMPILER_FLAGS = ""; }; };
		DDED02FD20E5437B973E44AD /* /Users/sarabilich/Documents/lib/glfw-3.1.2/src/cocoa_init.m */ = {isa = PBXBuildFile; fileRef = 7EB8AEB8C1564F2C822EA826 /* /Users/sarabilich/Documents/lib/glfw-3.1.2/src/cocoa_init.m */; settings = {COMPILER_FLAGS = ""; }; };
		EA98AD9F435842C09F4EB7DA /* /Users/sarabilich/Documents/ICEX/kmreimerICEX/resources/fading_phong_vert.glsl */ = {isa = PBXBuildFile; fileRef = 5D46BF7321D34FF9929CCA35 /* /Users/sarabilich/Documents/ICEX/kmreimerICEX/resources/fading_phong_vert.glsl */; settings = {COMPILER_FLAGS = ""; }; };
		EE1FC2CF9C414A8EBD5C5A07 /* /Users/sarabilich/Documents/lib/glfw-3.1.2/src/nsgl_context.h */ = {isa = PBXBuildFile; fileRef = 4761F8A9126A4A338A3A67DE /* /Users/sarabilich/Documents/lib/glfw-3.1.2/src/nsgl_context.h */; settings = {COMPILER_FLAGS = ""; }; };
		EEC40BE69AD94F24B9F989DF /* /Users/sarabilich/Documents/lib/glfw-3.1.2/src/posix_tls.h */ = {isa = PBXBuildFile; fileRef = D6FD9BC05C3E43739A2FE7D5 /* /Users/sarabilich/Documents/lib/glfw-3.1.2/src/posix_tls.h */; settings = {COMPILER_FLAGS = ""; }; };
		F4267DDECE9C40FC88D52DE7 /* /Users/sarabilich/Documents/lib/glfw-3.1.2/src/window.c */ = {isa = PBXBuildFile; fileRef = 7F99579FFE154BCEA4F310A1 /* /Users/sarabilich/Documents/lib/glfw-3.1.2/src/window.c */; settings = {COMPILER_FLAGS = ""; }; };
		FDBB5F5631014B9A98B827F5 /* /Users/sarabilich/Documents/ICEX/kmreimerICEX/src/Utilities.h */ = {isa = PBXBuildFile; fileRef = EACAE5A701614D6C9F4ED681 /* /Users/sarabilich/Documents/ICEX/kmreimerICEX/src/Utilities.h */; settings = {COMPILER_FLAGS = ""; }; };
/* End PBXBuildFile section */

/* Begin PBXBuildStyle section */
		0FD2D385C5B74EFD9A480F58 /* RelWithDebInfo */ = {
			isa = PBXBuildStyle;
			buildSettings = {
				COPY_PHASE_STRIP = NO;
			};
			name = RelWithDebInfo;
		};
		29C703710FB540AFA76A544B /* Release */ = {
			isa = PBXBuildStyle;
			buildSettings = {
				COPY_PHASE_STRIP = NO;
			};
			name = Release;
		};
		960137ABCF8A4A8A90EDF41E /* MinSizeRel */ = {
			isa = PBXBuildStyle;
			buildSettings = {
				COPY_PHASE_STRIP = NO;
			};
			name = MinSizeRel;
		};
		E73AD14398204534A6DCE853 = {
			isa = PBXBuildStyle;
		};
		EC75CDE6C2A44B7CA7244027 /* Debug */ = {
			isa = PBXBuildStyle;
			buildSettings = {
				COPY_PHASE_STRIP = NO;
			};
			name = Debug;
		};
/* End PBXBuildStyle section */

/* Begin PBXContainerItemProxy section */
		3EEF667227334C5FAFD74E94 /* PBXContainerItemProxy */ = {
			isa = PBXContainerItemProxy;
			containerPortal = 406E39B3BFF84FF8BF95864E /* Project object */;
			proxyType = 1;
			remoteGlobalIDString = 84E5A98D9EB541249B96476F;
			remoteInfo = glfw;
		};
		461A369BB95B4865AB708F1D /* PBXContainerItemProxy */ = {
			isa = PBXContainerItemProxy;
			containerPortal = 406E39B3BFF84FF8BF95864E /* Project object */;
			proxyType = 1;
			remoteGlobalIDString = 9AF0501B4F76420F943F1ADA;
			remoteInfo = ProjF;
		};
		78D4B874ADD7409A8FA89361 /* PBXContainerItemProxy */ = {
			isa = PBXContainerItemProxy;
			containerPortal = 406E39B3BFF84FF8BF95864E /* Project object */;
			proxyType = 1;
			remoteGlobalIDString = 13A2D19C59624790B2369B7E;
			remoteInfo = ZERO_CHECK;
		};
		9C0F76A577344DC096A31EEB /* PBXContainerItemProxy */ = {
			isa = PBXContainerItemProxy;
			containerPortal = 406E39B3BFF84FF8BF95864E /* Project object */;
			proxyType = 1;
			remoteGlobalIDString = DC59E83731D5404095C9CA82;
			remoteInfo = ALL_BUILD;
		};
		9D10B018436F4B78825AA789 /* PBXContainerItemProxy */ = {
			isa = PBXContainerItemProxy;
			containerPortal = 406E39B3BFF84FF8BF95864E /* Project object */;
			proxyType = 1;
			remoteGlobalIDString = 84E5A98D9EB541249B96476F;
			remoteInfo = glfw;
		};
		A321837F7E584DD2BE4DA894 /* PBXContainerItemProxy */ = {
			isa = PBXContainerItemProxy;
			containerPortal = 406E39B3BFF84FF8BF95864E /* Project object */;
			proxyType = 1;
			remoteGlobalIDString = 13A2D19C59624790B2369B7E;
			remoteInfo = ZERO_CHECK;
		};
		D3725B1771EE4A079A485DC3 /* PBXContainerItemProxy */ = {
			isa = PBXContainerItemProxy;
			containerPortal = 406E39B3BFF84FF8BF95864E /* Project object */;
			proxyType = 1;
			remoteGlobalIDString = 13A2D19C59624790B2369B7E;
			remoteInfo = ZERO_CHECK;
		};
/* End PBXContainerItemProxy section */

/* Begin PBXFileReference section */
		00EC5FD4A0B645C982C67935 /* /Users/sarabilich/Documents/lib/glfw-3.1.2/debug/src/glfw_config.h */ = {isa = PBXFileReference; explicitFileType = sourcecode.c.h; fileEncoding = 4; name = glfw_config.h; path = "../../lib/glfw-3.1.2/debug/src/glfw_config.h"; sourceTree = SOURCE_ROOT; };
		06B0B3BC58EE409EAE349C07 /* /Users/sarabilich/Documents/lib/glfw-3.1.2/src/cocoa_monitor.m */ = {isa = PBXFileReference; explicitFileType = sourcecode.c.objc; fileEncoding = 4; name = cocoa_monitor.m; path = "../../lib/glfw-3.1.2/src/cocoa_monitor.m"; sourceTree = SOURCE_ROOT; };
		06F929F262254874B261CFF6 /* /Users/sarabilich/Documents/lib/glfw-3.1.2/src/mach_time.c */ = {isa = PBXFileReference; explicitFileType = sourcecode.c.c; fileEncoding = 4; name = mach_time.c; path = "../../lib/glfw-3.1.2/src/mach_time.c"; sourceTree = SOURCE_ROOT; };
		0BB7756F95FC4F4F94E56E5F /* /Users/sarabilich/Documents/ICEX/kmreimerICEX/src/Texture.h */ = {isa = PBXFileReference; explicitFileType = sourcecode.c.h; fileEncoding = 4; name = Texture.h; path = src/Texture.h; sourceTree = SOURCE_ROOT; };
		0D9E5D6C700D4A2AB81D6DE0 /* /Users/sarabilich/Documents/ICEX/kmreimerICEX/resources/pass_vert.glsl */ = {isa = PBXFileReference; explicitFileType = sourcecode; fileEncoding = 4; name = pass_vert.glsl; path = resources/pass_vert.glsl; sourceTree = SOURCE_ROOT; };
		136951FA390D4A45A8975686 /* /Users/sarabilich/Documents/ICEX/kmreimerICEX/src/Program.h */ = {isa = PBXFileReference; explicitFileType = sourcecode.c.h; fileEncoding = 4; name = Program.h; path = src/Program.h; sourceTree = SOURCE_ROOT; };
		136A1A1967FF4498AE5A0038 /* /Users/sarabilich/Documents/ICEX/kmreimerICEX/src/GLSL.cpp */ = {isa = PBXFileReference; explicitFileType = sourcecode.cpp.cpp; fileEncoding = 4; name = GLSL.cpp; path = src/GLSL.cpp; sourceTree = SOURCE_ROOT; };
		165B64FD382B4AA487FB24FC /* glfw */ = {isa = PBXFileReference; explicitFileType = archive.ar; path = libglfw3.a; refType = 0; sourceTree = BUILT_PRODUCTS_DIR; };
		197D45F912D9499998C79A5C /* /Users/sarabilich/Documents/lib/glfw-3.1.2/src/iokit_joystick.m */ = {isa = PBXFileReference; explicitFileType = sourcecode.c.objc; fileEncoding = 4; name = iokit_joystick.m; path = "../../lib/glfw-3.1.2/src/iokit_joystick.m"; sourceTree = SOURCE_ROOT; };
		1D75FBD40D8B4F7E88C405FF /* ProjF */ = {isa = PBXFileReference; explicitFileType = "compiled.mach-o.executable"; path = ProjF; refType = 0; sourceTree = BUILT_PRODUCTS_DIR; };
		2C84F8BC4EE24388AB11AA1D /* /Users/sarabilich/Documents/lib/glfw-3.1.2/src/iokit_joystick.h */ = {isa = PBXFileReference; explicitFileType = sourcecode.c.h; fileEncoding = 4; name = iokit_joystick.h; path = "../../lib/glfw-3.1.2/src/iokit_joystick.h"; sourceTree = SOURCE_ROOT; };
		2F97BA1C588C4FF4A158F585 /* /Users/sarabilich/Documents/ICEX/kmreimerICEX/resources/fading_phong_frag.glsl */ = {isa = PBXFileReference; explicitFileType = sourcecode; fileEncoding = 4; name = fading_phong_frag.glsl; path = resources/fading_phong_frag.glsl; sourceTree = SOURCE_ROOT; };
		31AA655570374F1F802CFE40 /* /Users/sarabilich/Documents/lib/glfw-3.1.2/src/input.c */ = {isa = PBXFileReference; explicitFileType = sourcecode.c.c; fileEncoding = 4; name = input.c; path = "../../lib/glfw-3.1.2/src/input.c"; sourceTree = SOURCE_ROOT; };
		3719942E0BCA4B978EA262BD /* /Users/sarabilich/Documents/lib/glfw-3.1.2/src/cocoa_window.m */ = {isa = PBXFileReference; explicitFileType = sourcecode.c.objc; fileEncoding = 4; name = cocoa_window.m; path = "../../lib/glfw-3.1.2/src/cocoa_window.m"; sourceTree = SOURCE_ROOT; };
		443678F953734253A9263C10 /* /Users/sarabilich/Documents/lib/glfw-3.1.2/src/init.c */ = {isa = PBXFileReference; explicitFileType = sourcecode.c.c; fileEncoding = 4; name = init.c; path = "../../lib/glfw-3.1.2/src/init.c"; sourceTree = SOURCE_ROOT; };
		4761F8A9126A4A338A3A67DE /* /Users/sarabilich/Documents/lib/glfw-3.1.2/src/nsgl_context.h */ = {isa = PBXFileReference; explicitFileType = sourcecode.c.h; fileEncoding = 4; name = nsgl_context.h; path = "../../lib/glfw-3.1.2/src/nsgl_context.h"; sourceTree = SOURCE_ROOT; };
		479F7B057F4E4C39B280F557 /* /Users/sarabilich/Documents/ICEX/kmreimerICEX/CMakeLists.txt */ = {isa = PBXFileReference; explicitFileType = sourcecode.text; fileEncoding = 4; name = CMakeLists.txt; path = CMakeLists.txt; sourceTree = SOURCE_ROOT; };
		4F840F69089247CF8CD596B7 /* /Users/sarabilich/Documents/ICEX/kmreimerICEX/resources/fading_waving_phong_frag.glsl */ = {isa = PBXFileReference; explicitFileType = sourcecode; fileEncoding = 4; name = fading_waving_phong_frag.glsl; path = resources/fading_waving_phong_frag.glsl; sourceTree = SOURCE_ROOT; };
		50498ED3D5F0422FB554B29A /* /Users/sarabilich/Documents/ICEX/kmreimerICEX/resources/tex_frag.glsl */ = {isa = PBXFileReference; explicitFileType = sourcecode; fileEncoding = 4; name = tex_frag.glsl; path = resources/tex_frag.glsl; sourceTree = SOURCE_ROOT; };
		5D46BF7321D34FF9929CCA35 /* /Users/sarabilich/Documents/ICEX/kmreimerICEX/resources/fading_phong_vert.glsl */ = {isa = PBXFileReference; explicitFileType = sourcecode; fileEncoding = 4; name = fading_phong_vert.glsl; path = resources/fading_phong_vert.glsl; sourceTree = SOURCE_ROOT; };
		61BA458A4B844A7AAE303307 /* /Users/sarabilich/Documents/ICEX/kmreimerICEX/resources/fading_shark_phong_frag.glsl */ = {isa = PBXFileReference; explicitFileType = sourcecode; fileEncoding = 4; name = fading_shark_phong_frag.glsl; path = resources/fading_shark_phong_frag.glsl; sourceTree = SOURCE_ROOT; };
		76184D602AD54744A938BCD0 /* /Users/sarabilich/Documents/lib/glfw-3.1.2/include/GLFW/glfw3native.h */ = {isa = PBXFileReference; explicitFileType = sourcecode.c.h; fileEncoding = 4; name = glfw3native.h; path = "../../lib/glfw-3.1.2/include/GLFW/glfw3native.h"; sourceTree = SOURCE_ROOT; };
		793181F821FD49819F529AA1 /* /Users/sarabilich/Documents/lib/glfw-3.1.2/src/cocoa_platform.h */ = {isa = PBXFileReference; explicitFileType = sourcecode.c.h; fileEncoding = 4; name = cocoa_platform.h; path = "../../lib/glfw-3.1.2/src/cocoa_platform.h"; sourceTree = SOURCE_ROOT; };
		7EB8AEB8C1564F2C822EA826 /* /Users/sarabilich/Documents/lib/glfw-3.1.2/src/cocoa_init.m */ = {isa = PBXFileReference; explicitFileType = sourcecode.c.objc; fileEncoding = 4; name = cocoa_init.m; path = "../../lib/glfw-3.1.2/src/cocoa_init.m"; sourceTree = SOURCE_ROOT; };
		7F99579FFE154BCEA4F310A1 /* /Users/sarabilich/Documents/lib/glfw-3.1.2/src/window.c */ = {isa = PBXFileReference; explicitFileType = sourcecode.c.c; fileEncoding = 4; name = window.c; path = "../../lib/glfw-3.1.2/src/window.c"; sourceTree = SOURCE_ROOT; };
		841EDC70586344DABE0D95ED /* /Users/sarabilich/Documents/ICEX/kmreimerICEX/src/Bubbles.h */ = {isa = PBXFileReference; explicitFileType = sourcecode.c.h; fileEncoding = 4; name = Bubbles.h; path = src/Bubbles.h; sourceTree = SOURCE_ROOT; };
		8480740113584F68A05AC435 /* /Users/sarabilich/Documents/lib/glfw-3.1.2/include/GLFW/glfw3.h */ = {isa = PBXFileReference; explicitFileType = sourcecode.c.h; fileEncoding = 4; name = glfw3.h; path = "../../lib/glfw-3.1.2/include/GLFW/glfw3.h"; sourceTree = SOURCE_ROOT; };
		86ABF3E0073D4120AAB08B1B /* /Users/sarabilich/Documents/ICEX/kmreimerICEX/CMakeLists.txt */ = {isa = PBXFileReference; explicitFileType = sourcecode.text; fileEncoding = 4; name = CMakeLists.txt; path = CMakeLists.txt; sourceTree = SOURCE_ROOT; };
		8CFCCC4E1B1943209D63AAF2 /* /Users/sarabilich/Documents/ICEX/kmreimerICEX/resources/fading_shark_phong_vert.glsl */ = {isa = PBXFileReference; explicitFileType = sourcecode; fileEncoding = 4; name = fading_shark_phong_vert.glsl; path = resources/fading_shark_phong_vert.glsl; sourceTree = SOURCE_ROOT; };
		8CFD05CC12784F83B1C222CE /* /Users/sarabilich/Documents/ICEX/kmreimerICEX/src/Shape.h */ = {isa = PBXFileReference; explicitFileType = sourcecode.c.h; fileEncoding = 4; name = Shape.h; path = src/Shape.h; sourceTree = SOURCE_ROOT; };
		8D5447DF4F80468D8A62AE1A /* /Users/sarabilich/Documents/ICEX/kmreimerICEX/src/GLSL.h */ = {isa = PBXFileReference; explicitFileType = sourcecode.c.h; fileEncoding = 4; name = GLSL.h; path = src/GLSL.h; sourceTree = SOURCE_ROOT; };
		9B8E168E7C574A6E999D8F8B /* /Users/sarabilich/Documents/ICEX/kmreimerICEX/src/Image.h */ = {isa = PBXFileReference; explicitFileType = sourcecode.c.h; fileEncoding = 4; name = Image.h; path = src/Image.h; sourceTree = SOURCE_ROOT; };
		A0C47032E98F4E3D8C2AD3E3 /* /Users/sarabilich/Documents/ICEX/kmreimerICEX/src/Utilities.cpp */ = {isa = PBXFileReference; explicitFileType = sourcecode.cpp.cpp; fileEncoding = 4; name = Utilities.cpp; path = src/Utilities.cpp; sourceTree = SOURCE_ROOT; };
		A1822199E840440FA6139BEF /* /Users/sarabilich/Documents/ICEX/kmreimerICEX/src/MatrixStack.h */ = {isa = PBXFileReference; explicitFileType = sourcecode.c.h; fileEncoding = 4; name = MatrixStack.h; path = src/MatrixStack.h; sourceTree = SOURCE_ROOT; };
		ADCE4368587C4ADE8A13AEAC /* /Users/sarabilich/Documents/ICEX/kmreimerICEX/src/Link.cpp */ = {isa = PBXFileReference; explicitFileType = sourcecode.cpp.cpp; fileEncoding = 4; name = Link.cpp; path = src/Link.cpp; sourceTree = SOURCE_ROOT; };
		AE08D43CDC904ED89617AB93 /* /Users/sarabilich/Documents/ICEX/kmreimerICEX/resources/fading_waving_phong_vert.glsl */ = {isa = PBXFileReference; explicitFileType = sourcecode; fileEncoding = 4; name = fading_waving_phong_vert.glsl; path = resources/fading_waving_phong_vert.glsl; sourceTree = SOURCE_ROOT; };
		AFA2078B64C34F61A1D78BEC /* /Users/sarabilich/Documents/ICEX/kmreimerICEX/resources/fading_tex_phong_frag.glsl */ = {isa = PBXFileReference; explicitFileType = sourcecode; fileEncoding = 4; name = fading_tex_phong_frag.glsl; path = resources/fading_tex_phong_frag.glsl; sourceTree = SOURCE_ROOT; };
		AFC89B953D534FE9AA75346F /* /Users/sarabilich/Documents/lib/glfw-3.1.2/src/context.c */ = {isa = PBXFileReference; explicitFileType = sourcecode.c.c; fileEncoding = 4; name = context.c; path = "../../lib/glfw-3.1.2/src/context.c"; sourceTree = SOURCE_ROOT; };
		B4088C85DA5145B0BEAE0F57 /* /Users/sarabilich/Documents/ICEX/kmreimerICEX/src/Image.cpp */ = {isa = PBXFileReference; explicitFileType = sourcecode.cpp.cpp; fileEncoding = 4; name = Image.cpp; path = src/Image.cpp; sourceTree = SOURCE_ROOT; };
		C1144399475446AD87ABDA63 /* /Users/sarabilich/Documents/ICEX/kmreimerICEX/src/Texture.cpp */ = {isa = PBXFileReference; explicitFileType = sourcecode.cpp.cpp; fileEncoding = 4; name = Texture.cpp; path = src/Texture.cpp; sourceTree = SOURCE_ROOT; };
		CB03776E08A44CBCBF8116FC /* /Users/sarabilich/Documents/lib/glfw-3.1.2/CMakeLists.txt */ = {isa = PBXFileReference; explicitFileType = sourcecode.text; fileEncoding = 4; name = CMakeLists.txt; path = "../../lib/glfw-3.1.2/CMakeLists.txt"; sourceTree = SOURCE_ROOT; };
		CCD9E5B0F2F14A45B97C6678 /* /Users/sarabilich/Documents/ICEX/kmreimerICEX/src/Shark.h */ = {isa = PBXFileReference; explicitFileType = sourcecode.c.h; fileEncoding = 4; name = Shark.h; path = src/Shark.h; sourceTree = SOURCE_ROOT; };
		CFF32E085A1A435C8D8706FB /* /Users/sarabilich/Documents/ICEX/kmreimerICEX/src/stb_image.h */ = {isa = PBXFileReference; explicitFileType = sourcecode.c.h; fileEncoding = 4; name = stb_image.h; path = src/stb_image.h; sourceTree = SOURCE_ROOT; };
		D6FD9BC05C3E43739A2FE7D5 /* /Users/sarabilich/Documents/lib/glfw-3.1.2/src/posix_tls.h */ = {isa = PBXFileReference; explicitFileType = sourcecode.c.h; fileEncoding = 4; name = posix_tls.h; path = "../../lib/glfw-3.1.2/src/posix_tls.h"; sourceTree = SOURCE_ROOT; };
		D7B540B163F64524ADCB0DCB /* /Users/sarabilich/Documents/lib/glfw-3.1.2/src/internal.h */ = {isa = PBXFileReference; explicitFileType = sourcecode.c.h; fileEncoding = 4; name = internal.h; path = "../../lib/glfw-3.1.2/src/internal.h"; sourceTree = SOURCE_ROOT; };
		D9C9EE1B1F464656B86411E4 /* /Users/sarabilich/Documents/ICEX/kmreimerICEX/src/Shape.cpp */ = {isa = PBXFileReference; explicitFileType = sourcecode.cpp.cpp; fileEncoding = 4; name = Shape.cpp; path = src/Shape.cpp; sourceTree = SOURCE_ROOT; };
		DA73CF487F1A4A8C9E15EDED /* /Users/sarabilich/Documents/lib/glfw-3.1.2/src/nsgl_context.m */ = {isa = PBXFileReference; explicitFileType = sourcecode.c.objc; fileEncoding = 4; name = nsgl_context.m; path = "../../lib/glfw-3.1.2/src/nsgl_context.m"; sourceTree = SOURCE_ROOT; };
		E3AE79E517C5478FA984C01A /* /Users/sarabilich/Documents/ICEX/kmreimerICEX/src/Shark.cpp */ = {isa = PBXFileReference; explicitFileType = sourcecode.cpp.cpp; fileEncoding = 4; name = Shark.cpp; path = src/Shark.cpp; sourceTree = SOURCE_ROOT; };
		E500B0017EA246E6AB3439EC /* /Users/sarabilich/Documents/lib/glfw-3.1.2/src/monitor.c */ = {isa = PBXFileReference; explicitFileType = sourcecode.c.c; fileEncoding = 4; name = monitor.c; path = "../../lib/glfw-3.1.2/src/monitor.c"; sourceTree = SOURCE_ROOT; };
		E520D64AE78A448684B253D8 /* /Users/sarabilich/Documents/ICEX/kmreimerICEX/src/Bubbles.cpp */ = {isa = PBXFileReference; explicitFileType = sourcecode.cpp.cpp; fileEncoding = 4; name = Bubbles.cpp; path = src/Bubbles.cpp; sourceTree = SOURCE_ROOT; };
		EA59DD119CE842E898CAE7F9 /* /Users/sarabilich/Documents/ICEX/kmreimerICEX/src/main.cpp */ = {isa = PBXFileReference; explicitFileType = sourcecode.cpp.cpp; fileEncoding = 4; name = main.cpp; path = src/main.cpp; sourceTree = SOURCE_ROOT; };
		EACAE5A701614D6C9F4ED681 /* /Users/sarabilich/Documents/ICEX/kmreimerICEX/src/Utilities.h */ = {isa = PBXFileReference; explicitFileType = sourcecode.c.h; fileEncoding = 4; name = Utilities.h; path = src/Utilities.h; sourceTree = SOURCE_ROOT; };
		EBAFA5F6BDD142F0B47CCED6 /* /Users/sarabilich/Documents/ICEX/kmreimerICEX/src/MatrixStack.cpp */ = {isa = PBXFileReference; explicitFileType = sourcecode.cpp.cpp; fileEncoding = 4; name = MatrixStack.cpp; path = src/MatrixStack.cpp; sourceTree = SOURCE_ROOT; };
		ECE706F5101A48BB8235503C /* /Users/sarabilich/Documents/ICEX/kmreimerICEX/resources/fading_tex_phong_vert.glsl */ = {isa = PBXFileReference; explicitFileType = sourcecode; fileEncoding = 4; name = fading_tex_phong_vert.glsl; path = resources/fading_tex_phong_vert.glsl; sourceTree = SOURCE_ROOT; };
		F0D3A1D52F6E43D5A76B8C41 /* /Users/sarabilich/Documents/ICEX/kmreimerICEX/src/Link.h */ = {isa = PBXFileReference; explicitFileType = sourcecode.c.h; fileEncoding = 4; name = Link.h; path = src/Link.h; sourceTree = SOURCE_ROOT; };
		F4666F11A31E4852ABC236B7 /* /Users/sarabilich/Documents/lib/glfw-3.1.2/src/CMakeLists.txt */ = {isa = PBXFileReference; explicitFileType = sourcecode.text; fileEncoding = 4; name = CMakeLists.txt; path = "../../lib/glfw-3.1.2/src/CMakeLists.txt"; sourceTree = SOURCE_ROOT; };
		F679EA826909410998634DC3 /* /Users/sarabilich/Documents/ICEX/kmreimerICEX/src/tiny_obj_loader.h */ = {isa = PBXFileReference; explicitFileType = sourcecode.c.h; fileEncoding = 4; name = tiny_obj_loader.h; path = src/tiny_obj_loader.h; sourceTree = SOURCE_ROOT; };
		F80AC9794CF84DE2ACCD3ACD /* /Users/sarabilich/Documents/ICEX/kmreimerICEX/src/Program.cpp */ = {isa = PBXFileReference; explicitFileType = sourcecode.cpp.cpp; fileEncoding = 4; name = Program.cpp; path = src/Program.cpp; sourceTree = SOURCE_ROOT; };
		FD8C41A4B45E4D1887C25F88 /* /Users/sarabilich/Documents/lib/glfw-3.1.2/src/posix_tls.c */ = {isa = PBXFileReference; explicitFileType = sourcecode.c.c; fileEncoding = 4; name = posix_tls.c; path = "../../lib/glfw-3.1.2/src/posix_tls.c"; sourceTree = SOURCE_ROOT; };
		FF9C64FC7E6A42F581BC01C5 /* /Users/sarabilich/Documents/ICEX/kmreimerICEX/CMakeLists.txt */ = {isa = PBXFileReference; explicitFileType = sourcecode.text; fileEncoding = 4; name = CMakeLists.txt; path = CMakeLists.txt; sourceTree = SOURCE_ROOT; };
/* End PBXFileReference section */

/* Begin PBXGroup section */
		07D502C6F9F743028DCDD610 /* Products */ = {
			isa = PBXGroup;
			children = (
				1D75FBD40D8B4F7E88C405FF /* ProjF */,
				165B64FD382B4AA487FB24FC /* glfw */,
			);
			name = Products;
			sourceTree = "<group>";
		};
		0B1DEAED911E47D18D6515FF /* Header Files */ = {
			isa = PBXGroup;
			children = (
				841EDC70586344DABE0D95ED /* /Users/sarabilich/Documents/ICEX/kmreimerICEX/src/Bubbles.h */,
				8D5447DF4F80468D8A62AE1A /* /Users/sarabilich/Documents/ICEX/kmreimerICEX/src/GLSL.h */,
				9B8E168E7C574A6E999D8F8B /* /Users/sarabilich/Documents/ICEX/kmreimerICEX/src/Image.h */,
				F0D3A1D52F6E43D5A76B8C41 /* /Users/sarabilich/Documents/ICEX/kmreimerICEX/src/Link.h */,
				A1822199E840440FA6139BEF /* /Users/sarabilich/Documents/ICEX/kmreimerICEX/src/MatrixStack.h */,
				136951FA390D4A45A8975686 /* /Users/sarabilich/Documents/ICEX/kmreimerICEX/src/Program.h */,
				8CFD05CC12784F83B1C222CE /* /Users/sarabilich/Documents/ICEX/kmreimerICEX/src/Shape.h */,
				CCD9E5B0F2F14A45B97C6678 /* /Users/sarabilich/Documents/ICEX/kmreimerICEX/src/Shark.h */,
				0BB7756F95FC4F4F94E56E5F /* /Users/sarabilich/Documents/ICEX/kmreimerICEX/src/Texture.h */,
				EACAE5A701614D6C9F4ED681 /* /Users/sarabilich/Documents/ICEX/kmreimerICEX/src/Utilities.h */,
				CFF32E085A1A435C8D8706FB /* /Users/sarabilich/Documents/ICEX/kmreimerICEX/src/stb_image.h */,
				F679EA826909410998634DC3 /* /Users/sarabilich/Documents/ICEX/kmreimerICEX/src/tiny_obj_loader.h */,
			);
			name = "Header Files";
			sourceTree = "<group>";
		};
		1FBC69042C9340899402EC40 /* glfw */ = {
			isa = PBXGroup;
			children = (
				9FF557E5F9A2446DADF8CA3C /* Source Files */,
				901A1DFDAA9441AEB34A4C1C /* Header Files */,
				F4666F11A31E4852ABC236B7 /* /Users/sarabilich/Documents/lib/glfw-3.1.2/src/CMakeLists.txt */,
			);
			name = glfw;
			sourceTree = "<group>";
		};
		2722388367AF4C56801E0277 /* CMake Rules */ = {
			isa = PBXGroup;
			children = (
			);
			name = "CMake Rules";
			sourceTree = "<group>";
		};
		2BABEA1F4FBB41E6A13D8AB0 /* Source Files */ = {
			isa = PBXGroup;
			children = (
				E520D64AE78A448684B253D8 /* /Users/sarabilich/Documents/ICEX/kmreimerICEX/src/Bubbles.cpp */,
				136A1A1967FF4498AE5A0038 /* /Users/sarabilich/Documents/ICEX/kmreimerICEX/src/GLSL.cpp */,
				B4088C85DA5145B0BEAE0F57 /* /Users/sarabilich/Documents/ICEX/kmreimerICEX/src/Image.cpp */,
				ADCE4368587C4ADE8A13AEAC /* /Users/sarabilich/Documents/ICEX/kmreimerICEX/src/Link.cpp */,
				EBAFA5F6BDD142F0B47CCED6 /* /Users/sarabilich/Documents/ICEX/kmreimerICEX/src/MatrixStack.cpp */,
				F80AC9794CF84DE2ACCD3ACD /* /Users/sarabilich/Documents/ICEX/kmreimerICEX/src/Program.cpp */,
				D9C9EE1B1F464656B86411E4 /* /Users/sarabilich/Documents/ICEX/kmreimerICEX/src/Shape.cpp */,
				E3AE79E517C5478FA984C01A /* /Users/sarabilich/Documents/ICEX/kmreimerICEX/src/Shark.cpp */,
				C1144399475446AD87ABDA63 /* /Users/sarabilich/Documents/ICEX/kmreimerICEX/src/Texture.cpp */,
				A0C47032E98F4E3D8C2AD3E3 /* /Users/sarabilich/Documents/ICEX/kmreimerICEX/src/Utilities.cpp */,
				EA59DD119CE842E898CAE7F9 /* /Users/sarabilich/Documents/ICEX/kmreimerICEX/src/main.cpp */,
			);
			name = "Source Files";
			sourceTree = "<group>";
		};
		3915FBF295034FBF84B5A0BF /* ALL_BUILD */ = {
			isa = PBXGroup;
			children = (
				7A78B30BFF2044B9AC5C0DA2 /* CMake Rules */,
				FF9C64FC7E6A42F581BC01C5 /* /Users/sarabilich/Documents/ICEX/kmreimerICEX/CMakeLists.txt */,
			);
			name = ALL_BUILD;
			sourceTree = "<group>";
		};
		4E17D160138F4C9F8476D6C8 /* uninstall */ = {
			isa = PBXGroup;
			children = (
				7575C188AF5447E896A9B0A6 /* CMake Rules */,
				CB03776E08A44CBCBF8116FC /* /Users/sarabilich/Documents/lib/glfw-3.1.2/CMakeLists.txt */,
			);
			name = uninstall;
			sourceTree = "<group>";
		};
		5E7BA60CD38544D2A0D8BB11 = {
			isa = PBXGroup;
			children = (
				E1F67FA4896C4ADC8F98F38A /* Sources */,
				7A55044A58E0473EB9118ED6 /* Resources */,
				07D502C6F9F743028DCDD610 /* Products */,
			);
			sourceTree = "<group>";
		};
		6DD7D62D51D94C0AB987B6DE /* ProjF */ = {
			isa = PBXGroup;
			children = (
				2BABEA1F4FBB41E6A13D8AB0 /* Source Files */,
				0B1DEAED911E47D18D6515FF /* Header Files */,
				86ABF3E0073D4120AAB08B1B /* /Users/sarabilich/Documents/ICEX/kmreimerICEX/CMakeLists.txt */,
				2F97BA1C588C4FF4A158F585 /* /Users/sarabilich/Documents/ICEX/kmreimerICEX/resources/fading_phong_frag.glsl */,
				5D46BF7321D34FF9929CCA35 /* /Users/sarabilich/Documents/ICEX/kmreimerICEX/resources/fading_phong_vert.glsl */,
				61BA458A4B844A7AAE303307 /* /Users/sarabilich/Documents/ICEX/kmreimerICEX/resources/fading_shark_phong_frag.glsl */,
				8CFCCC4E1B1943209D63AAF2 /* /Users/sarabilich/Documents/ICEX/kmreimerICEX/resources/fading_shark_phong_vert.glsl */,
				AFA2078B64C34F61A1D78BEC /* /Users/sarabilich/Documents/ICEX/kmreimerICEX/resources/fading_tex_phong_frag.glsl */,
				ECE706F5101A48BB8235503C /* /Users/sarabilich/Documents/ICEX/kmreimerICEX/resources/fading_tex_phong_vert.glsl */,
				4F840F69089247CF8CD596B7 /* /Users/sarabilich/Documents/ICEX/kmreimerICEX/resources/fading_waving_phong_frag.glsl */,
				AE08D43CDC904ED89617AB93 /* /Users/sarabilich/Documents/ICEX/kmreimerICEX/resources/fading_waving_phong_vert.glsl */,
				0D9E5D6C700D4A2AB81D6DE0 /* /Users/sarabilich/Documents/ICEX/kmreimerICEX/resources/pass_vert.glsl */,
				50498ED3D5F0422FB554B29A /* /Users/sarabilich/Documents/ICEX/kmreimerICEX/resources/tex_frag.glsl */,
			);
			name = ProjF;
			sourceTree = "<group>";
		};
		7575C188AF5447E896A9B0A6 /* CMake Rules */ = {
			isa = PBXGroup;
			children = (
			);
			name = "CMake Rules";
			sourceTree = "<group>";
		};
		7A55044A58E0473EB9118ED6 /* Resources */ = {
			isa = PBXGroup;
			children = (
			);
			name = Resources;
			sourceTree = "<group>";
		};
		7A78B30BFF2044B9AC5C0DA2 /* CMake Rules */ = {
			isa = PBXGroup;
			children = (
			);
			name = "CMake Rules";
			sourceTree = "<group>";
		};
		901A1DFDAA9441AEB34A4C1C /* Header Files */ = {
			isa = PBXGroup;
			children = (
				00EC5FD4A0B645C982C67935 /* /Users/sarabilich/Documents/lib/glfw-3.1.2/debug/src/glfw_config.h */,
				8480740113584F68A05AC435 /* /Users/sarabilich/Documents/lib/glfw-3.1.2/include/GLFW/glfw3.h */,
				76184D602AD54744A938BCD0 /* /Users/sarabilich/Documents/lib/glfw-3.1.2/include/GLFW/glfw3native.h */,
				793181F821FD49819F529AA1 /* /Users/sarabilich/Documents/lib/glfw-3.1.2/src/cocoa_platform.h */,
				D7B540B163F64524ADCB0DCB /* /Users/sarabilich/Documents/lib/glfw-3.1.2/src/internal.h */,
				2C84F8BC4EE24388AB11AA1D /* /Users/sarabilich/Documents/lib/glfw-3.1.2/src/iokit_joystick.h */,
				4761F8A9126A4A338A3A67DE /* /Users/sarabilich/Documents/lib/glfw-3.1.2/src/nsgl_context.h */,
				D6FD9BC05C3E43739A2FE7D5 /* /Users/sarabilich/Documents/lib/glfw-3.1.2/src/posix_tls.h */,
			);
			name = "Header Files";
			sourceTree = "<group>";
		};
		9FF557E5F9A2446DADF8CA3C /* Source Files */ = {
			isa = PBXGroup;
			children = (
				7EB8AEB8C1564F2C822EA826 /* /Users/sarabilich/Documents/lib/glfw-3.1.2/src/cocoa_init.m */,
				06B0B3BC58EE409EAE349C07 /* /Users/sarabilich/Documents/lib/glfw-3.1.2/src/cocoa_monitor.m */,
				3719942E0BCA4B978EA262BD /* /Users/sarabilich/Documents/lib/glfw-3.1.2/src/cocoa_window.m */,
				AFC89B953D534FE9AA75346F /* /Users/sarabilich/Documents/lib/glfw-3.1.2/src/context.c */,
				443678F953734253A9263C10 /* /Users/sarabilich/Documents/lib/glfw-3.1.2/src/init.c */,
				31AA655570374F1F802CFE40 /* /Users/sarabilich/Documents/lib/glfw-3.1.2/src/input.c */,
				197D45F912D9499998C79A5C /* /Users/sarabilich/Documents/lib/glfw-3.1.2/src/iokit_joystick.m */,
				06F929F262254874B261CFF6 /* /Users/sarabilich/Documents/lib/glfw-3.1.2/src/mach_time.c */,
				E500B0017EA246E6AB3439EC /* /Users/sarabilich/Documents/lib/glfw-3.1.2/src/monitor.c */,
				DA73CF487F1A4A8C9E15EDED /* /Users/sarabilich/Documents/lib/glfw-3.1.2/src/nsgl_context.m */,
				FD8C41A4B45E4D1887C25F88 /* /Users/sarabilich/Documents/lib/glfw-3.1.2/src/posix_tls.c */,
				7F99579FFE154BCEA4F310A1 /* /Users/sarabilich/Documents/lib/glfw-3.1.2/src/window.c */,
			);
			name = "Source Files";
			sourceTree = "<group>";
		};
		BE81D1B7FE2041B19BF5D7B2 /* GLFW3 */ = {
			isa = PBXGroup;
			children = (
				1FBC69042C9340899402EC40 /* glfw */,
			);
			name = GLFW3;
			sourceTree = "<group>";
		};
		E1F67FA4896C4ADC8F98F38A /* Sources */ = {
			isa = PBXGroup;
			children = (
				6DD7D62D51D94C0AB987B6DE /* ProjF */,
				3915FBF295034FBF84B5A0BF /* ALL_BUILD */,
				E3BC78734BF74156A37BB9CF /* ZERO_CHECK */,
				4E17D160138F4C9F8476D6C8 /* uninstall */,
				BE81D1B7FE2041B19BF5D7B2 /* GLFW3 */,
			);
			name = Sources;
			sourceTree = "<group>";
		};
		E3BC78734BF74156A37BB9CF /* ZERO_CHECK */ = {
			isa = PBXGroup;
			children = (
				2722388367AF4C56801E0277 /* CMake Rules */,
				479F7B057F4E4C39B280F557 /* /Users/sarabilich/Documents/ICEX/kmreimerICEX/CMakeLists.txt */,
			);
			name = ZERO_CHECK;
			sourceTree = "<group>";
		};
/* End PBXGroup section */

/* Begin PBXNativeTarget section */
		84E5A98D9EB541249B96476F /* glfw */ = {
			isa = PBXNativeTarget;
			buildConfigurationList = CF85CA172D6648A7BC22C395 /* Build configuration list for PBXNativeTarget "glfw" */;
			buildPhases = (
				F3DC81F38C03456EA07C6FE2 /* Sources */,
			);
			buildRules = (
			);
			dependencies = (
				B31C2069442344D38411301D /* PBXTargetDependency */,
			);
			name = glfw;
			productName = glfw;
			productReference = 165B64FD382B4AA487FB24FC /* glfw */;
			productType = "com.apple.product-type.library.static";
		};
		9AF0501B4F76420F943F1ADA /* ProjF */ = {
			isa = PBXNativeTarget;
			buildConfigurationList = 10E496BDB7844A1194B410C7 /* Build configuration list for PBXNativeTarget "ProjF" */;
			buildPhases = (
				F1F5B4AE06CD4DEAB0B083A2 /* Sources */,
			);
			buildRules = (
			);
			dependencies = (
				8DB0D92E5842448F87258699 /* PBXTargetDependency */,
				ECD80F94ECC245769A772A0A /* PBXTargetDependency */,
			);
			name = ProjF;
			productName = ProjF;
			productReference = 1D75FBD40D8B4F7E88C405FF /* ProjF */;
			productType = "com.apple.product-type.tool";
		};
/* End PBXNativeTarget section */

/* Begin PBXProject section */
		406E39B3BFF84FF8BF95864E /* Project object */ = {
			isa = PBXProject;
			attributes = {
				BuildIndependentTargetsInParallel = YES;
				LastUpgradeCheck = 0730;
			};
			buildConfigurationList = 351D4F1AD02F4E27B1A1D447 /* Build configuration list for PBXProject "ProjF" */;
			buildSettings = {
			};
			buildStyles = (
				EC75CDE6C2A44B7CA7244027 /* Debug */,
				29C703710FB540AFA76A544B /* Release */,
				960137ABCF8A4A8A90EDF41E /* MinSizeRel */,
				0FD2D385C5B74EFD9A480F58 /* RelWithDebInfo */,
			);
			compatibilityVersion = "Xcode 3.2";
			hasScannedForEncodings = 0;
			mainGroup = 5E7BA60CD38544D2A0D8BB11;
			projectDirPath = ../;
			projectRoot = "";
			targets = (
				DC59E83731D5404095C9CA82 /* ALL_BUILD */,
				9AF0501B4F76420F943F1ADA /* ProjF */,
				13A2D19C59624790B2369B7E /* ZERO_CHECK */,
				D1F7BEA16F97459296C4549E /* install */,
				05043AEE30264014A9409F9F /* uninstall */,
				84E5A98D9EB541249B96476F /* glfw */,
			);
		};
/* End PBXProject section */

/* Begin PBXShellScriptBuildPhase section */
		0B6E5F13D15B4C8D959B01BF = {
			isa = PBXShellScriptBuildPhase;
			buildActionMask = 2147483647;
			files = (
			);
			inputPaths = (
			);
			outputPaths = (
			);
			runOnlyForDeploymentPostprocessing = 0;
			shellPath = /bin/sh;
			shellScript = "# shell script goes here
exit 0";
			showEnvVarsInLog = 0;
		};
		0C80C525AE9C420C8CCD7916 = {
			isa = PBXShellScriptBuildPhase;
			buildActionMask = 2147483647;
			files = (
			);
			inputPaths = (
			);
			outputPaths = (
			);
			runOnlyForDeploymentPostprocessing = 0;
			shellPath = /bin/sh;
			shellScript = "# shell script goes here
exit 0";
			showEnvVarsInLog = 0;
		};
		104BDF7BA36048FAB6B74C69 /* CMake PostBuild Rules */ = {
			isa = PBXShellScriptBuildPhase;
			buildActionMask = 2147483647;
			files = (
			);
			name = "CMake PostBuild Rules";
			runOnlyForDeploymentPostprocessing = 0;
			shellPath = /bin/sh;
			shellScript = "make -C /Users/sarabilich/Documents/ICEX/kmreimerICEX/build -f /Users/sarabilich/Documents/ICEX/kmreimerICEX/build/CMakeScripts/install_postBuildPhase.make$CONFIGURATION all";
			showEnvVarsInLog = 0;
		};
		3746D181316F4436B84466F9 /* CMake Rules */ = {
			isa = PBXShellScriptBuildPhase;
			buildActionMask = 2147483647;
			files = (
			);
			name = "CMake Rules";
			runOnlyForDeploymentPostprocessing = 0;
			shellPath = /bin/sh;
			shellScript = "make -C /Users/sarabilich/Documents/ICEX/kmreimerICEX/build -f /Users/sarabilich/Documents/ICEX/kmreimerICEX/build/CMakeScripts/ZERO_CHECK_cmakeRulesBuildPhase.make$CONFIGURATION all";
			showEnvVarsInLog = 0;
		};
		7344ADB5AD004D36B0DFEA2E /* CMake Rules */ = {
			isa = PBXShellScriptBuildPhase;
			buildActionMask = 2147483647;
			files = (
			);
			name = "CMake Rules";
			runOnlyForDeploymentPostprocessing = 0;
			shellPath = /bin/sh;
			shellScript = "make -C /Users/sarabilich/Documents/ICEX/kmreimerICEX/build -f /Users/sarabilich/Documents/ICEX/kmreimerICEX/build/CMakeScripts/ALL_BUILD_cmakeRulesBuildPhase.make$CONFIGURATION all";
			showEnvVarsInLog = 0;
		};
		8BB913C8DEDE4DBC9DD13D73 /* CMake Rules */ = {
			isa = PBXShellScriptBuildPhase;
			buildActionMask = 2147483647;
			files = (
			);
			name = "CMake Rules";
			runOnlyForDeploymentPostprocessing = 0;
			shellPath = /bin/sh;
			shellScript = "make -C /Users/sarabilich/Documents/lib/glfw-3.1.2/debug -f /Users/sarabilich/Documents/lib/glfw-3.1.2/debug/CMakeScripts/uninstall_cmakeRulesBuildPhase.make$CONFIGURATION all";
			showEnvVarsInLog = 0;
		};
		A8A3D6E4FBAD4FE88165856B = {
			isa = PBXShellScriptBuildPhase;
			buildActionMask = 2147483647;
			files = (
			);
			inputPaths = (
			);
			outputPaths = (
			);
			runOnlyForDeploymentPostprocessing = 0;
			shellPath = /bin/sh;
			shellScript = "# shell script goes here
exit 0";
			showEnvVarsInLog = 0;
		};
		C0BBAAA872F74A818077CF9E = {
			isa = PBXShellScriptBuildPhase;
			buildActionMask = 2147483647;
			files = (
			);
			inputPaths = (
			);
			outputPaths = (
			);
			runOnlyForDeploymentPostprocessing = 0;
			shellPath = /bin/sh;
			shellScript = "# shell script goes here
exit 0";
			showEnvVarsInLog = 0;
		};
/* End PBXShellScriptBuildPhase section */

/* Begin PBXSourcesBuildPhase section */
		F1F5B4AE06CD4DEAB0B083A2 /* Sources */ = {
			isa = PBXSourcesBuildPhase;
			buildActionMask = 2147483647;
			files = (
				8AA941FB0E684A219CB4E176 /* /Users/sarabilich/Documents/ICEX/kmreimerICEX/src/Bubbles.cpp */,
				0D0AF40513034E7CA7883A70 /* /Users/sarabilich/Documents/ICEX/kmreimerICEX/src/GLSL.cpp */,
				91F0B33ACA2E45829EA36AC8 /* /Users/sarabilich/Documents/ICEX/kmreimerICEX/src/Image.cpp */,
				B1A3ACB161144D8B971CA08C /* /Users/sarabilich/Documents/ICEX/kmreimerICEX/src/Link.cpp */,
				1E806DC2454D4B98A92AD1A2 /* /Users/sarabilich/Documents/ICEX/kmreimerICEX/src/MatrixStack.cpp */,
				6FCB7B505D7F4CF3B33B0CBF /* /Users/sarabilich/Documents/ICEX/kmreimerICEX/src/Program.cpp */,
				7D267A546C3541F7A4C9089D /* /Users/sarabilich/Documents/ICEX/kmreimerICEX/src/Shape.cpp */,
				AD63DC42EFF646BF820C314E /* /Users/sarabilich/Documents/ICEX/kmreimerICEX/src/Shark.cpp */,
				89180892640E416DAA817B40 /* /Users/sarabilich/Documents/ICEX/kmreimerICEX/src/Texture.cpp */,
				018AB5CD52F344A29A6DA304 /* /Users/sarabilich/Documents/ICEX/kmreimerICEX/src/Utilities.cpp */,
				7CFE367748BF423D9158FB91 /* /Users/sarabilich/Documents/ICEX/kmreimerICEX/src/main.cpp */,
			);
			runOnlyForDeploymentPostprocessing = 0;
		};
		F3DC81F38C03456EA07C6FE2 /* Sources */ = {
			isa = PBXSourcesBuildPhase;
			buildActionMask = 2147483647;
			files = (
				DDED02FD20E5437B973E44AD /* /Users/sarabilich/Documents/lib/glfw-3.1.2/src/cocoa_init.m */,
				3E326903D2604558964F114C /* /Users/sarabilich/Documents/lib/glfw-3.1.2/src/cocoa_monitor.m */,
				8969406360F14A97BEA9D0F7 /* /Users/sarabilich/Documents/lib/glfw-3.1.2/src/cocoa_window.m */,
				8F1C88B4819847D493EBA1E5 /* /Users/sarabilich/Documents/lib/glfw-3.1.2/src/context.c */,
				C60285F13CFC47C698FF6310 /* /Users/sarabilich/Documents/lib/glfw-3.1.2/src/init.c */,
				63E905703D08459A94AA754C /* /Users/sarabilich/Documents/lib/glfw-3.1.2/src/input.c */,
				9DF464DDBE724DFD877A7579 /* /Users/sarabilich/Documents/lib/glfw-3.1.2/src/iokit_joystick.m */,
				D3FB4D439DEA4EA1829A132D /* /Users/sarabilich/Documents/lib/glfw-3.1.2/src/mach_time.c */,
				C0CC3C5945E64806A76316E8 /* /Users/sarabilich/Documents/lib/glfw-3.1.2/src/monitor.c */,
				8DDB4880460343888CC97444 /* /Users/sarabilich/Documents/lib/glfw-3.1.2/src/nsgl_context.m */,
				0AB4B84FB9974F359B3002E7 /* /Users/sarabilich/Documents/lib/glfw-3.1.2/src/posix_tls.c */,
				F4267DDECE9C40FC88D52DE7 /* /Users/sarabilich/Documents/lib/glfw-3.1.2/src/window.c */,
			);
			runOnlyForDeploymentPostprocessing = 0;
		};
/* End PBXSourcesBuildPhase section */

/* Begin PBXTargetDependency section */
		2A9B908577ED4A748A574658 /* PBXTargetDependency */ = {
			isa = PBXTargetDependency;
			target = 84E5A98D9EB541249B96476F /* glfw */;
			targetProxy = 9D10B018436F4B78825AA789 /* PBXContainerItemProxy */;
		};
		76C20C5493554CC9B07A1DC1 /* PBXTargetDependency */ = {
			isa = PBXTargetDependency;
			target = DC59E83731D5404095C9CA82 /* ALL_BUILD */;
			targetProxy = 9C0F76A577344DC096A31EEB /* PBXContainerItemProxy */;
		};
		8DB0D92E5842448F87258699 /* PBXTargetDependency */ = {
			isa = PBXTargetDependency;
			target = 84E5A98D9EB541249B96476F /* glfw */;
			targetProxy = 3EEF667227334C5FAFD74E94 /* PBXContainerItemProxy */;
		};
		9944A997529E497DBCD62763 /* PBXTargetDependency */ = {
			isa = PBXTargetDependency;
			target = 9AF0501B4F76420F943F1ADA /* ProjF */;
			targetProxy = 461A369BB95B4865AB708F1D /* PBXContainerItemProxy */;
		};
		B31C2069442344D38411301D /* PBXTargetDependency */ = {
			isa = PBXTargetDependency;
			target = 13A2D19C59624790B2369B7E /* ZERO_CHECK */;
			targetProxy = A321837F7E584DD2BE4DA894 /* PBXContainerItemProxy */;
		};
		D4FF238AC30C4EA5939A42F2 /* PBXTargetDependency */ = {
			isa = PBXTargetDependency;
			target = 13A2D19C59624790B2369B7E /* ZERO_CHECK */;
			targetProxy = 78D4B874ADD7409A8FA89361 /* PBXContainerItemProxy */;
		};
		ECD80F94ECC245769A772A0A /* PBXTargetDependency */ = {
			isa = PBXTargetDependency;
			target = 13A2D19C59624790B2369B7E /* ZERO_CHECK */;
			targetProxy = D3725B1771EE4A079A485DC3 /* PBXContainerItemProxy */;
		};
/* End PBXTargetDependency section */

/* Begin XCBuildConfiguration section */
		1706F59E7F2144479A782EB1 /* Debug */ = {
			isa = XCBuildConfiguration;
			buildSettings = {
				COMBINE_HIDPI_IMAGES = YES;
				EXECUTABLE_PREFIX = "";
				EXECUTABLE_SUFFIX = "";
				GCC_GENERATE_DEBUGGING_SYMBOLS = YES;
				GCC_INLINES_ARE_PRIVATE_EXTERN = NO;
				GCC_OPTIMIZATION_LEVEL = 0;
				GCC_PREPROCESSOR_DEFINITIONS = ("'CMAKE_INTDIR=\"$(CONFIGURATION)$(EFFECTIVE_PLATFORM_NAME)\"'", );
				GCC_SYMBOLS_PRIVATE_EXTERN = NO;
				HEADER_SEARCH_PATHS = ("/Users/sarabilich/Documents/lib/eigen-eigen-07105f7124f9", "/Users/sarabilich/Documents/lib/glfw-3.1.2/include", "/Users/sarabilich/Documents/lib/glew-1.13.0/include", );
				INSTALL_PATH = "";
				LIBRARY_SEARCH_PATHS = "";
				OTHER_CPLUSPLUSFLAGS = " -std=c++0x -Wall -pedantic     ";
				OTHER_LDFLAGS = " -Wl,-search_paths_first -Wl,-headerpad_max_install_names  /Users/sarabilich/Documents/lib/glfw-3.1.2/debug/src/Debug/libglfw3.a -framework Cocoa -framework OpenGL -framework IOKit -framework CoreFoundation -framework CoreVideo /Users/sarabilich/Documents/lib/glew-1.13.0/lib/libGLEW.a -framework OpenGL -framework Cocoa -framework IOKit -framework CoreVideo";
				OTHER_REZFLAGS = "";
				PRODUCT_NAME = ProjF;
				SECTORDER_FLAGS = "";
				SYMROOT = /Users/sarabilich/Documents/ICEX/kmreimerICEX/build;
				USE_HEADERMAP = NO;
				WARNING_CFLAGS = ("-Wmost", "-Wno-four-char-constants", "-Wno-unknown-pragmas", "$(inherited)", );
			};
			name = Debug;
		};
		1F0BBC416897416587BDCAD2 /* Release */ = {
			isa = XCBuildConfiguration;
			buildSettings = {
				COMBINE_HIDPI_IMAGES = YES;
				GCC_GENERATE_DEBUGGING_SYMBOLS = YES;
				GCC_INLINES_ARE_PRIVATE_EXTERN = NO;
				GCC_OPTIMIZATION_LEVEL = 0;
				GCC_PREPROCESSOR_DEFINITIONS = ("'CMAKE_INTDIR=\"$(CONFIGURATION)$(EFFECTIVE_PLATFORM_NAME)\"'", );
				GCC_SYMBOLS_PRIVATE_EXTERN = NO;
				HEADER_SEARCH_PATHS = ("/Users/sarabilich/Documents/lib/eigen-eigen-07105f7124f9", );
				INSTALL_PATH = "";
				OTHER_LDFLAGS = " ";
				OTHER_REZFLAGS = "";
				PRODUCT_NAME = uninstall;
				SECTORDER_FLAGS = "";
				SYMROOT = "/Users/sarabilich/Documents/lib/glfw-3.1.2/debug";
				USE_HEADERMAP = NO;
				WARNING_CFLAGS = ("-Wmost", "-Wno-four-char-constants", "-Wno-unknown-pragmas", "$(inherited)", );
			};
			name = Release;
		};
		2C98A0A816FD4240A6764089 /* RelWithDebInfo */ = {
			isa = XCBuildConfiguration;
			buildSettings = {
				COMBINE_HIDPI_IMAGES = YES;
				GCC_GENERATE_DEBUGGING_SYMBOLS = YES;
				GCC_INLINES_ARE_PRIVATE_EXTERN = NO;
				GCC_OPTIMIZATION_LEVEL = 0;
				GCC_PREPROCESSOR_DEFINITIONS = ("'CMAKE_INTDIR=\"$(CONFIGURATION)$(EFFECTIVE_PLATFORM_NAME)\"'", );
				GCC_SYMBOLS_PRIVATE_EXTERN = NO;
				HEADER_SEARCH_PATHS = ("/Users/sarabilich/Documents/lib/eigen-eigen-07105f7124f9", "/Users/sarabilich/Documents/lib/glfw-3.1.2/include", "/Users/sarabilich/Documents/lib/glew-1.13.0/include", );
				INSTALL_PATH = "";
				OTHER_LDFLAGS = " ";
				OTHER_REZFLAGS = "";
				PRODUCT_NAME = ALL_BUILD;
				SECTORDER_FLAGS = "";
				SYMROOT = /Users/sarabilich/Documents/ICEX/kmreimerICEX/build;
				USE_HEADERMAP = NO;
				WARNING_CFLAGS = ("-Wmost", "-Wno-four-char-constants", "-Wno-unknown-pragmas", "$(inherited)", );
			};
			name = RelWithDebInfo;
		};
		467D4D7583E04A8C8BD47519 /* Release */ = {
			isa = XCBuildConfiguration;
			buildSettings = {
				ONLY_ACTIVE_ARCH = YES;
				SDKROOT = /Applications/Xcode.app/Contents/Developer/Platforms/MacOSX.platform/Developer/SDKs/MacOSX10.11.sdk;
				SYMROOT = /Users/sarabilich/Documents/ICEX/kmreimerICEX/build/build;
			};
			name = Release;
		};
		46DFE854C079410B9A17C16E /* MinSizeRel */ = {
			isa = XCBuildConfiguration;
			buildSettings = {
				COMBINE_HIDPI_IMAGES = YES;
				EXECUTABLE_PREFIX = lib;
				EXECUTABLE_SUFFIX = .a;
				GCC_GENERATE_DEBUGGING_SYMBOLS = NO;
				GCC_INLINES_ARE_PRIVATE_EXTERN = NO;
				GCC_OPTIMIZATION_LEVEL = s;
				GCC_PREPROCESSOR_DEFINITIONS = ("'CMAKE_INTDIR=\"$(CONFIGURATION)$(EFFECTIVE_PLATFORM_NAME)\"'", _GLFW_USE_CONFIG_H, );
				GCC_SYMBOLS_PRIVATE_EXTERN = NO;
				HEADER_SEARCH_PATHS = ("/Users/sarabilich/Documents/lib/eigen-eigen-07105f7124f9", "/Users/sarabilich/Documents/lib/glfw-3.1.2/src", "/Users/sarabilich/Documents/lib/glfw-3.1.2/debug/src", );
				INSTALL_PATH = "";
				LIBRARY_STYLE = STATIC;
				OTHER_CFLAGS = "    -DNDEBUG -fPIC   -Wall";
				OTHER_LIBTOOLFLAGS = " ";
				OTHER_REZFLAGS = "";
				PRODUCT_NAME = glfw3;
				SECTORDER_FLAGS = "";
				SYMROOT = "/Users/sarabilich/Documents/lib/glfw-3.1.2/debug/src";
				USE_HEADERMAP = NO;
				WARNING_CFLAGS = ("-Wmost", "-Wno-four-char-constants", "-Wno-unknown-pragmas", "$(inherited)", );
			};
			name = MinSizeRel;
		};
		539E8FFB3AF64475867D9A18 /* RelWithDebInfo */ = {
			isa = XCBuildConfiguration;
			buildSettings = {
				ONLY_ACTIVE_ARCH = YES;
				SDKROOT = /Applications/Xcode.app/Contents/Developer/Platforms/MacOSX.platform/Developer/SDKs/MacOSX10.11.sdk;
				SYMROOT = /Users/sarabilich/Documents/ICEX/kmreimerICEX/build/build;
			};
			name = RelWithDebInfo;
		};
		5BB9C8107D4E4F52BCCD11A6 /* RelWithDebInfo */ = {
			isa = XCBuildConfiguration;
			buildSettings = {
				COMBINE_HIDPI_IMAGES = YES;
				GCC_GENERATE_DEBUGGING_SYMBOLS = YES;
				GCC_INLINES_ARE_PRIVATE_EXTERN = NO;
				GCC_OPTIMIZATION_LEVEL = 0;
				GCC_PREPROCESSOR_DEFINITIONS = ("'CMAKE_INTDIR=\"$(CONFIGURATION)$(EFFECTIVE_PLATFORM_NAME)\"'", );
				GCC_SYMBOLS_PRIVATE_EXTERN = NO;
				HEADER_SEARCH_PATHS = ("/Users/sarabilich/Documents/lib/eigen-eigen-07105f7124f9", "/Users/sarabilich/Documents/lib/glfw-3.1.2/include", "/Users/sarabilich/Documents/lib/glew-1.13.0/include", );
				INSTALL_PATH = "";
				OTHER_LDFLAGS = " ";
				OTHER_REZFLAGS = "";
				PRODUCT_NAME = ZERO_CHECK;
				SECTORDER_FLAGS = "";
				SYMROOT = /Users/sarabilich/Documents/ICEX/kmreimerICEX/build;
				USE_HEADERMAP = NO;
				WARNING_CFLAGS = ("-Wmost", "-Wno-four-char-constants", "-Wno-unknown-pragmas", "$(inherited)", );
			};
			name = RelWithDebInfo;
		};
		6EBD43848FB84E61AC114CA4 /* MinSizeRel */ = {
			isa = XCBuildConfiguration;
			buildSettings = {
				COMBINE_HIDPI_IMAGES = YES;
				GCC_GENERATE_DEBUGGING_SYMBOLS = YES;
				GCC_INLINES_ARE_PRIVATE_EXTERN = NO;
				GCC_OPTIMIZATION_LEVEL = 0;
				GCC_PREPROCESSOR_DEFINITIONS = ("'CMAKE_INTDIR=\"$(CONFIGURATION)$(EFFECTIVE_PLATFORM_NAME)\"'", );
				GCC_SYMBOLS_PRIVATE_EXTERN = NO;
				HEADER_SEARCH_PATHS = ("/Users/sarabilich/Documents/lib/eigen-eigen-07105f7124f9", );
				INSTALL_PATH = "";
				OTHER_LDFLAGS = " ";
				OTHER_REZFLAGS = "";
				PRODUCT_NAME = uninstall;
				SECTORDER_FLAGS = "";
				SYMROOT = "/Users/sarabilich/Documents/lib/glfw-3.1.2/debug";
				USE_HEADERMAP = NO;
				WARNING_CFLAGS = ("-Wmost", "-Wno-four-char-constants", "-Wno-unknown-pragmas", "$(inherited)", );
			};
			name = MinSizeRel;
		};
		73947E23C0184113AD87DA3A /* MinSizeRel */ = {
			isa = XCBuildConfiguration;
			buildSettings = {
				COMBINE_HIDPI_IMAGES = YES;
				GCC_GENERATE_DEBUGGING_SYMBOLS = YES;
				GCC_INLINES_ARE_PRIVATE_EXTERN = NO;
				GCC_OPTIMIZATION_LEVEL = 0;
				GCC_PREPROCESSOR_DEFINITIONS = ("'CMAKE_INTDIR=\"$(CONFIGURATION)$(EFFECTIVE_PLATFORM_NAME)\"'", );
				GCC_SYMBOLS_PRIVATE_EXTERN = NO;
				HEADER_SEARCH_PATHS = ("/Users/sarabilich/Documents/lib/eigen-eigen-07105f7124f9", "/Users/sarabilich/Documents/lib/glfw-3.1.2/include", "/Users/sarabilich/Documents/lib/glew-1.13.0/include", );
				INSTALL_PATH = "";
				OTHER_LDFLAGS = " ";
				OTHER_REZFLAGS = "";
				PRODUCT_NAME = ZERO_CHECK;
				SECTORDER_FLAGS = "";
				SYMROOT = /Users/sarabilich/Documents/ICEX/kmreimerICEX/build;
				USE_HEADERMAP = NO;
				WARNING_CFLAGS = ("-Wmost", "-Wno-four-char-constants", "-Wno-unknown-pragmas", "$(inherited)", );
			};
			name = MinSizeRel;
		};
		7E2FC2F67B144779A8070820 /* Debug */ = {
			isa = XCBuildConfiguration;
			buildSettings = {
				COMBINE_HIDPI_IMAGES = YES;
				GCC_GENERATE_DEBUGGING_SYMBOLS = YES;
				GCC_INLINES_ARE_PRIVATE_EXTERN = NO;
				GCC_OPTIMIZATION_LEVEL = 0;
				GCC_PREPROCESSOR_DEFINITIONS = ("'CMAKE_INTDIR=\"$(CONFIGURATION)$(EFFECTIVE_PLATFORM_NAME)\"'", );
				GCC_SYMBOLS_PRIVATE_EXTERN = NO;
				HEADER_SEARCH_PATHS = ("/Users/sarabilich/Documents/lib/eigen-eigen-07105f7124f9", );
				INSTALL_PATH = "";
				OTHER_LDFLAGS = " ";
				OTHER_REZFLAGS = "";
				PRODUCT_NAME = uninstall;
				SECTORDER_FLAGS = "";
				SYMROOT = "/Users/sarabilich/Documents/lib/glfw-3.1.2/debug";
				USE_HEADERMAP = NO;
				WARNING_CFLAGS = ("-Wmost", "-Wno-four-char-constants", "-Wno-unknown-pragmas", "$(inherited)", );
			};
			name = Debug;
		};
		7EC28EA3A9404FEBA48FB9E8 /* RelWithDebInfo */ = {
			isa = XCBuildConfiguration;
			buildSettings = {
				COMBINE_HIDPI_IMAGES = YES;
				EXECUTABLE_PREFIX = lib;
				EXECUTABLE_SUFFIX = .a;
				GCC_GENERATE_DEBUGGING_SYMBOLS = YES;
				GCC_INLINES_ARE_PRIVATE_EXTERN = NO;
				GCC_OPTIMIZATION_LEVEL = 2;
				GCC_PREPROCESSOR_DEFINITIONS = ("'CMAKE_INTDIR=\"$(CONFIGURATION)$(EFFECTIVE_PLATFORM_NAME)\"'", _GLFW_USE_CONFIG_H, );
				GCC_SYMBOLS_PRIVATE_EXTERN = NO;
				HEADER_SEARCH_PATHS = ("/Users/sarabilich/Documents/lib/eigen-eigen-07105f7124f9", "/Users/sarabilich/Documents/lib/glfw-3.1.2/src", "/Users/sarabilich/Documents/lib/glfw-3.1.2/debug/src", );
				INSTALL_PATH = "";
				LIBRARY_STYLE = STATIC;
				OTHER_CFLAGS = "       -DNDEBUG -fPIC   -Wall";
				OTHER_LIBTOOLFLAGS = " ";
				OTHER_REZFLAGS = "";
				PRODUCT_NAME = glfw3;
				SECTORDER_FLAGS = "";
				SYMROOT = "/Users/sarabilich/Documents/lib/glfw-3.1.2/debug/src";
				USE_HEADERMAP = NO;
				WARNING_CFLAGS = ("-Wmost", "-Wno-four-char-constants", "-Wno-unknown-pragmas", "$(inherited)", );
			};
			name = RelWithDebInfo;
		};
		8884174B564C4B8786F8A410 /* MinSizeRel */ = {
			isa = XCBuildConfiguration;
			buildSettings = {
				COMBINE_HIDPI_IMAGES = YES;
				EXECUTABLE_PREFIX = "";
				EXECUTABLE_SUFFIX = "";
				GCC_GENERATE_DEBUGGING_SYMBOLS = NO;
				GCC_INLINES_ARE_PRIVATE_EXTERN = NO;
				GCC_OPTIMIZATION_LEVEL = s;
				GCC_PREPROCESSOR_DEFINITIONS = ("'CMAKE_INTDIR=\"$(CONFIGURATION)$(EFFECTIVE_PLATFORM_NAME)\"'", );
				GCC_SYMBOLS_PRIVATE_EXTERN = NO;
				HEADER_SEARCH_PATHS = ("/Users/sarabilich/Documents/lib/eigen-eigen-07105f7124f9", "/Users/sarabilich/Documents/lib/glfw-3.1.2/include", "/Users/sarabilich/Documents/lib/glew-1.13.0/include", );
				INSTALL_PATH = "";
				LIBRARY_SEARCH_PATHS = "";
				OTHER_CPLUSPLUSFLAGS = " -std=c++0x -Wall -pedantic     -DNDEBUG  ";
				OTHER_LDFLAGS = " -Wl,-search_paths_first -Wl,-headerpad_max_install_names  /Users/sarabilich/Documents/lib/glfw-3.1.2/debug/src/MinSizeRel/libglfw3.a -framework Cocoa -framework OpenGL -framework IOKit -framework CoreFoundation -framework CoreVideo /Users/sarabilich/Documents/lib/glew-1.13.0/lib/libGLEW.a -framework OpenGL -framework Cocoa -framework IOKit -framework CoreVideo";
				OTHER_REZFLAGS = "";
				PRODUCT_NAME = ProjF;
				SECTORDER_FLAGS = "";
				SYMROOT = /Users/sarabilich/Documents/ICEX/kmreimerICEX/build;
				USE_HEADERMAP = NO;
				WARNING_CFLAGS = ("-Wmost", "-Wno-four-char-constants", "-Wno-unknown-pragmas", "$(inherited)", );
			};
			name = MinSizeRel;
		};
		90CD17FDD2F74E69B34E4894 /* MinSizeRel */ = {
			isa = XCBuildConfiguration;
			buildSettings = {
				COMBINE_HIDPI_IMAGES = YES;
				GCC_GENERATE_DEBUGGING_SYMBOLS = YES;
				GCC_INLINES_ARE_PRIVATE_EXTERN = NO;
				GCC_OPTIMIZATION_LEVEL = 0;
				GCC_PREPROCESSOR_DEFINITIONS = ("'CMAKE_INTDIR=\"$(CONFIGURATION)$(EFFECTIVE_PLATFORM_NAME)\"'", );
				GCC_SYMBOLS_PRIVATE_EXTERN = NO;
				HEADER_SEARCH_PATHS = ("/Users/sarabilich/Documents/lib/eigen-eigen-07105f7124f9", "/Users/sarabilich/Documents/lib/glfw-3.1.2/include", "/Users/sarabilich/Documents/lib/glew-1.13.0/include", );
				INSTALL_PATH = "";
				OTHER_LDFLAGS = " ";
				OTHER_REZFLAGS = "";
				PRODUCT_NAME = install;
				SECTORDER_FLAGS = "";
				SYMROOT = /Users/sarabilich/Documents/ICEX/kmreimerICEX/build;
				USE_HEADERMAP = NO;
				WARNING_CFLAGS = ("-Wmost", "-Wno-four-char-constants", "-Wno-unknown-pragmas", "$(inherited)", );
			};
			name = MinSizeRel;
		};
		9ECB27CB0F5840158C5B4845 /* Debug */ = {
			isa = XCBuildConfiguration;
			buildSettings = {
				COMBINE_HIDPI_IMAGES = YES;
				GCC_GENERATE_DEBUGGING_SYMBOLS = YES;
				GCC_INLINES_ARE_PRIVATE_EXTERN = NO;
				GCC_OPTIMIZATION_LEVEL = 0;
				GCC_PREPROCESSOR_DEFINITIONS = ("'CMAKE_INTDIR=\"$(CONFIGURATION)$(EFFECTIVE_PLATFORM_NAME)\"'", );
				GCC_SYMBOLS_PRIVATE_EXTERN = NO;
				HEADER_SEARCH_PATHS = ("/Users/sarabilich/Documents/lib/eigen-eigen-07105f7124f9", "/Users/sarabilich/Documents/lib/glfw-3.1.2/include", "/Users/sarabilich/Documents/lib/glew-1.13.0/include", );
				INSTALL_PATH = "";
				OTHER_LDFLAGS = " ";
				OTHER_REZFLAGS = "";
				PRODUCT_NAME = ALL_BUILD;
				SECTORDER_FLAGS = "";
				SYMROOT = /Users/sarabilich/Documents/ICEX/kmreimerICEX/build;
				USE_HEADERMAP = NO;
				WARNING_CFLAGS = ("-Wmost", "-Wno-four-char-constants", "-Wno-unknown-pragmas", "$(inherited)", );
			};
			name = Debug;
		};
		9F9B320883554DEEA7EA48E9 /* Release */ = {
			isa = XCBuildConfiguration;
			buildSettings = {
				COMBINE_HIDPI_IMAGES = YES;
				GCC_GENERATE_DEBUGGING_SYMBOLS = YES;
				GCC_INLINES_ARE_PRIVATE_EXTERN = NO;
				GCC_OPTIMIZATION_LEVEL = 0;
				GCC_PREPROCESSOR_DEFINITIONS = ("'CMAKE_INTDIR=\"$(CONFIGURATION)$(EFFECTIVE_PLATFORM_NAME)\"'", );
				GCC_SYMBOLS_PRIVATE_EXTERN = NO;
				HEADER_SEARCH_PATHS = ("/Users/sarabilich/Documents/lib/eigen-eigen-07105f7124f9", "/Users/sarabilich/Documents/lib/glfw-3.1.2/include", "/Users/sarabilich/Documents/lib/glew-1.13.0/include", );
				INSTALL_PATH = "";
				OTHER_LDFLAGS = " ";
				OTHER_REZFLAGS = "";
				PRODUCT_NAME = ZERO_CHECK;
				SECTORDER_FLAGS = "";
				SYMROOT = /Users/sarabilich/Documents/ICEX/kmreimerICEX/build;
				USE_HEADERMAP = NO;
				WARNING_CFLAGS = ("-Wmost", "-Wno-four-char-constants", "-Wno-unknown-pragmas", "$(inherited)", );
			};
			name = Release;
		};
		A48461F0357842A79DEB54AB /* Debug */ = {
			isa = XCBuildConfiguration;
			buildSettings = {
				ONLY_ACTIVE_ARCH = YES;
				SDKROOT = /Applications/Xcode.app/Contents/Developer/Platforms/MacOSX.platform/Developer/SDKs/MacOSX10.11.sdk;
				SYMROOT = /Users/sarabilich/Documents/ICEX/kmreimerICEX/build/build;
			};
			name = Debug;
		};
		A5909FCAECD4402DBE820360 /* Release */ = {
			isa = XCBuildConfiguration;
			buildSettings = {
				COMBINE_HIDPI_IMAGES = YES;
				EXECUTABLE_PREFIX = "";
				EXECUTABLE_SUFFIX = "";
				GCC_GENERATE_DEBUGGING_SYMBOLS = NO;
				GCC_INLINES_ARE_PRIVATE_EXTERN = NO;
				GCC_OPTIMIZATION_LEVEL = 3;
				GCC_PREPROCESSOR_DEFINITIONS = ("'CMAKE_INTDIR=\"$(CONFIGURATION)$(EFFECTIVE_PLATFORM_NAME)\"'", );
				GCC_SYMBOLS_PRIVATE_EXTERN = NO;
				HEADER_SEARCH_PATHS = ("/Users/sarabilich/Documents/lib/eigen-eigen-07105f7124f9", "/Users/sarabilich/Documents/lib/glfw-3.1.2/include", "/Users/sarabilich/Documents/lib/glew-1.13.0/include", );
				INSTALL_PATH = "";
				LIBRARY_SEARCH_PATHS = "";
				OTHER_CPLUSPLUSFLAGS = " -std=c++0x -Wall -pedantic     -DNDEBUG  ";
				OTHER_LDFLAGS = " -Wl,-search_paths_first -Wl,-headerpad_max_install_names  /Users/sarabilich/Documents/lib/glfw-3.1.2/debug/src/Release/libglfw3.a -framework Cocoa -framework OpenGL -framework IOKit -framework CoreFoundation -framework CoreVideo /Users/sarabilich/Documents/lib/glew-1.13.0/lib/libGLEW.a -framework OpenGL -framework Cocoa -framework IOKit -framework CoreVideo";
				OTHER_REZFLAGS = "";
				PRODUCT_NAME = ProjF;
				SECTORDER_FLAGS = "";
				SYMROOT = /Users/sarabilich/Documents/ICEX/kmreimerICEX/build;
				USE_HEADERMAP = NO;
				WARNING_CFLAGS = ("-Wmost", "-Wno-four-char-constants", "-Wno-unknown-pragmas", "$(inherited)", );
			};
			name = Release;
		};
		B2361868682C4E58B782F788 /* Debug */ = {
			isa = XCBuildConfiguration;
			buildSettings = {
				COMBINE_HIDPI_IMAGES = YES;
				GCC_GENERATE_DEBUGGING_SYMBOLS = YES;
				GCC_INLINES_ARE_PRIVATE_EXTERN = NO;
				GCC_OPTIMIZATION_LEVEL = 0;
				GCC_PREPROCESSOR_DEFINITIONS = ("'CMAKE_INTDIR=\"$(CONFIGURATION)$(EFFECTIVE_PLATFORM_NAME)\"'", );
				GCC_SYMBOLS_PRIVATE_EXTERN = NO;
				HEADER_SEARCH_PATHS = ("/Users/sarabilich/Documents/lib/eigen-eigen-07105f7124f9", "/Users/sarabilich/Documents/lib/glfw-3.1.2/include", "/Users/sarabilich/Documents/lib/glew-1.13.0/include", );
				INSTALL_PATH = "";
				OTHER_LDFLAGS = " ";
				OTHER_REZFLAGS = "";
				PRODUCT_NAME = ZERO_CHECK;
				SECTORDER_FLAGS = "";
				SYMROOT = /Users/sarabilich/Documents/ICEX/kmreimerICEX/build;
				USE_HEADERMAP = NO;
				WARNING_CFLAGS = ("-Wmost", "-Wno-four-char-constants", "-Wno-unknown-pragmas", "$(inherited)", );
			};
			name = Debug;
		};
		B72B66F9538244BD85FB1A50 /* MinSizeRel */ = {
			isa = XCBuildConfiguration;
			buildSettings = {
				ONLY_ACTIVE_ARCH = YES;
				SDKROOT = /Applications/Xcode.app/Contents/Developer/Platforms/MacOSX.platform/Developer/SDKs/MacOSX10.11.sdk;
				SYMROOT = /Users/sarabilich/Documents/ICEX/kmreimerICEX/build/build;
			};
			name = MinSizeRel;
		};
		BCFDCF49ECD6470A9CE9C990 /* Release */ = {
			isa = XCBuildConfiguration;
			buildSettings = {
				COMBINE_HIDPI_IMAGES = YES;
				GCC_GENERATE_DEBUGGING_SYMBOLS = YES;
				GCC_INLINES_ARE_PRIVATE_EXTERN = NO;
				GCC_OPTIMIZATION_LEVEL = 0;
				GCC_PREPROCESSOR_DEFINITIONS = ("'CMAKE_INTDIR=\"$(CONFIGURATION)$(EFFECTIVE_PLATFORM_NAME)\"'", );
				GCC_SYMBOLS_PRIVATE_EXTERN = NO;
				HEADER_SEARCH_PATHS = ("/Users/sarabilich/Documents/lib/eigen-eigen-07105f7124f9", "/Users/sarabilich/Documents/lib/glfw-3.1.2/include", "/Users/sarabilich/Documents/lib/glew-1.13.0/include", );
				INSTALL_PATH = "";
				OTHER_LDFLAGS = " ";
				OTHER_REZFLAGS = "";
				PRODUCT_NAME = install;
				SECTORDER_FLAGS = "";
				SYMROOT = /Users/sarabilich/Documents/ICEX/kmreimerICEX/build;
				USE_HEADERMAP = NO;
				WARNING_CFLAGS = ("-Wmost", "-Wno-four-char-constants", "-Wno-unknown-pragmas", "$(inherited)", );
			};
			name = Release;
		};
		C0C430AFB0D3494BB4753C8D /* Release */ = {
			isa = XCBuildConfiguration;
			buildSettings = {
				COMBINE_HIDPI_IMAGES = YES;
				GCC_GENERATE_DEBUGGING_SYMBOLS = YES;
				GCC_INLINES_ARE_PRIVATE_EXTERN = NO;
				GCC_OPTIMIZATION_LEVEL = 0;
				GCC_PREPROCESSOR_DEFINITIONS = ("'CMAKE_INTDIR=\"$(CONFIGURATION)$(EFFECTIVE_PLATFORM_NAME)\"'", );
				GCC_SYMBOLS_PRIVATE_EXTERN = NO;
				HEADER_SEARCH_PATHS = ("/Users/sarabilich/Documents/lib/eigen-eigen-07105f7124f9", "/Users/sarabilich/Documents/lib/glfw-3.1.2/include", "/Users/sarabilich/Documents/lib/glew-1.13.0/include", );
				INSTALL_PATH = "";
				OTHER_LDFLAGS = " ";
				OTHER_REZFLAGS = "";
				PRODUCT_NAME = ALL_BUILD;
				SECTORDER_FLAGS = "";
				SYMROOT = /Users/sarabilich/Documents/ICEX/kmreimerICEX/build;
				USE_HEADERMAP = NO;
				WARNING_CFLAGS = ("-Wmost", "-Wno-four-char-constants", "-Wno-unknown-pragmas", "$(inherited)", );
			};
			name = Release;
		};
		D0A1AB797CA24D55B3DBCC24 /* RelWithDebInfo */ = {
			isa = XCBuildConfiguration;
			buildSettings = {
				COMBINE_HIDPI_IMAGES = YES;
				EXECUTABLE_PREFIX = "";
				EXECUTABLE_SUFFIX = "";
				GCC_GENERATE_DEBUGGING_SYMBOLS = YES;
				GCC_INLINES_ARE_PRIVATE_EXTERN = NO;
				GCC_OPTIMIZATION_LEVEL = 2;
				GCC_PREPROCESSOR_DEFINITIONS = ("'CMAKE_INTDIR=\"$(CONFIGURATION)$(EFFECTIVE_PLATFORM_NAME)\"'", );
				GCC_SYMBOLS_PRIVATE_EXTERN = NO;
				HEADER_SEARCH_PATHS = ("/Users/sarabilich/Documents/lib/eigen-eigen-07105f7124f9", "/Users/sarabilich/Documents/lib/glfw-3.1.2/include", "/Users/sarabilich/Documents/lib/glew-1.13.0/include", );
				INSTALL_PATH = "";
				LIBRARY_SEARCH_PATHS = "";
				OTHER_CPLUSPLUSFLAGS = " -std=c++0x -Wall -pedantic        -DNDEBUG  ";
				OTHER_LDFLAGS = " -Wl,-search_paths_first -Wl,-headerpad_max_install_names  /Users/sarabilich/Documents/lib/glfw-3.1.2/debug/src/RelWithDebInfo/libglfw3.a -framework Cocoa -framework OpenGL -framework IOKit -framework CoreFoundation -framework CoreVideo /Users/sarabilich/Documents/lib/glew-1.13.0/lib/libGLEW.a -framework OpenGL -framework Cocoa -framework IOKit -framework CoreVideo";
				OTHER_REZFLAGS = "";
				PRODUCT_NAME = ProjF;
				SECTORDER_FLAGS = "";
				SYMROOT = /Users/sarabilich/Documents/ICEX/kmreimerICEX/build;
				USE_HEADERMAP = NO;
				WARNING_CFLAGS = ("-Wmost", "-Wno-four-char-constants", "-Wno-unknown-pragmas", "$(inherited)", );
			};
			name = RelWithDebInfo;
		};
		D128F807B69D436480A4AF57 /* RelWithDebInfo */ = {
			isa = XCBuildConfiguration;
			buildSettings = {
				COMBINE_HIDPI_IMAGES = YES;
				GCC_GENERATE_DEBUGGING_SYMBOLS = YES;
				GCC_INLINES_ARE_PRIVATE_EXTERN = NO;
				GCC_OPTIMIZATION_LEVEL = 0;
				GCC_PREPROCESSOR_DEFINITIONS = ("'CMAKE_INTDIR=\"$(CONFIGURATION)$(EFFECTIVE_PLATFORM_NAME)\"'", );
				GCC_SYMBOLS_PRIVATE_EXTERN = NO;
				HEADER_SEARCH_PATHS = ("/Users/sarabilich/Documents/lib/eigen-eigen-07105f7124f9", "/Users/sarabilich/Documents/lib/glfw-3.1.2/include", "/Users/sarabilich/Documents/lib/glew-1.13.0/include", );
				INSTALL_PATH = "";
				OTHER_LDFLAGS = " ";
				OTHER_REZFLAGS = "";
				PRODUCT_NAME = install;
				SECTORDER_FLAGS = "";
				SYMROOT = /Users/sarabilich/Documents/ICEX/kmreimerICEX/build;
				USE_HEADERMAP = NO;
				WARNING_CFLAGS = ("-Wmost", "-Wno-four-char-constants", "-Wno-unknown-pragmas", "$(inherited)", );
			};
			name = RelWithDebInfo;
		};
		DC69DEDCB5F94614B190C950 /* Debug */ = {
			isa = XCBuildConfiguration;
			buildSettings = {
				COMBINE_HIDPI_IMAGES = YES;
				EXECUTABLE_PREFIX = lib;
				EXECUTABLE_SUFFIX = .a;
				GCC_GENERATE_DEBUGGING_SYMBOLS = YES;
				GCC_INLINES_ARE_PRIVATE_EXTERN = NO;
				GCC_OPTIMIZATION_LEVEL = 0;
				GCC_PREPROCESSOR_DEFINITIONS = ("'CMAKE_INTDIR=\"$(CONFIGURATION)$(EFFECTIVE_PLATFORM_NAME)\"'", _GLFW_USE_CONFIG_H, );
				GCC_SYMBOLS_PRIVATE_EXTERN = NO;
				HEADER_SEARCH_PATHS = ("/Users/sarabilich/Documents/lib/eigen-eigen-07105f7124f9", "/Users/sarabilich/Documents/lib/glfw-3.1.2/src", "/Users/sarabilich/Documents/lib/glfw-3.1.2/debug/src", );
				INSTALL_PATH = "";
				LIBRARY_STYLE = STATIC;
				OTHER_CFLAGS = "   -fPIC   -Wall";
				OTHER_LIBTOOLFLAGS = " ";
				OTHER_REZFLAGS = "";
				PRODUCT_NAME = glfw3;
				SECTORDER_FLAGS = "";
				SYMROOT = "/Users/sarabilich/Documents/lib/glfw-3.1.2/debug/src";
				USE_HEADERMAP = NO;
				WARNING_CFLAGS = ("-Wmost", "-Wno-four-char-constants", "-Wno-unknown-pragmas", "$(inherited)", );
			};
			name = Debug;
		};
		E06BABC2BB004D2989DB0C9D /* Debug */ = {
			isa = XCBuildConfiguration;
			buildSettings = {
				COMBINE_HIDPI_IMAGES = YES;
				GCC_GENERATE_DEBUGGING_SYMBOLS = YES;
				GCC_INLINES_ARE_PRIVATE_EXTERN = NO;
				GCC_OPTIMIZATION_LEVEL = 0;
				GCC_PREPROCESSOR_DEFINITIONS = ("'CMAKE_INTDIR=\"$(CONFIGURATION)$(EFFECTIVE_PLATFORM_NAME)\"'", );
				GCC_SYMBOLS_PRIVATE_EXTERN = NO;
				HEADER_SEARCH_PATHS = ("/Users/sarabilich/Documents/lib/eigen-eigen-07105f7124f9", "/Users/sarabilich/Documents/lib/glfw-3.1.2/include", "/Users/sarabilich/Documents/lib/glew-1.13.0/include", );
				INSTALL_PATH = "";
				OTHER_LDFLAGS = " ";
				OTHER_REZFLAGS = "";
				PRODUCT_NAME = install;
				SECTORDER_FLAGS = "";
				SYMROOT = /Users/sarabilich/Documents/ICEX/kmreimerICEX/build;
				USE_HEADERMAP = NO;
				WARNING_CFLAGS = ("-Wmost", "-Wno-four-char-constants", "-Wno-unknown-pragmas", "$(inherited)", );
			};
			name = Debug;
		};
		EB9CA104B1FC4AC7BB169F69 /* RelWithDebInfo */ = {
			isa = XCBuildConfiguration;
			buildSettings = {
				COMBINE_HIDPI_IMAGES = YES;
				GCC_GENERATE_DEBUGGING_SYMBOLS = YES;
				GCC_INLINES_ARE_PRIVATE_EXTERN = NO;
				GCC_OPTIMIZATION_LEVEL = 0;
				GCC_PREPROCESSOR_DEFINITIONS = ("'CMAKE_INTDIR=\"$(CONFIGURATION)$(EFFECTIVE_PLATFORM_NAME)\"'", );
				GCC_SYMBOLS_PRIVATE_EXTERN = NO;
				HEADER_SEARCH_PATHS = ("/Users/sarabilich/Documents/lib/eigen-eigen-07105f7124f9", );
				INSTALL_PATH = "";
				OTHER_LDFLAGS = " ";
				OTHER_REZFLAGS = "";
				PRODUCT_NAME = uninstall;
				SECTORDER_FLAGS = "";
				SYMROOT = "/Users/sarabilich/Documents/lib/glfw-3.1.2/debug";
				USE_HEADERMAP = NO;
				WARNING_CFLAGS = ("-Wmost", "-Wno-four-char-constants", "-Wno-unknown-pragmas", "$(inherited)", );
			};
			name = RelWithDebInfo;
		};
		F18E405A22E04612A1CA17A7 /* MinSizeRel */ = {
			isa = XCBuildConfiguration;
			buildSettings = {
				COMBINE_HIDPI_IMAGES = YES;
				GCC_GENERATE_DEBUGGING_SYMBOLS = YES;
				GCC_INLINES_ARE_PRIVATE_EXTERN = NO;
				GCC_OPTIMIZATION_LEVEL = 0;
				GCC_PREPROCESSOR_DEFINITIONS = ("'CMAKE_INTDIR=\"$(CONFIGURATION)$(EFFECTIVE_PLATFORM_NAME)\"'", );
				GCC_SYMBOLS_PRIVATE_EXTERN = NO;
				HEADER_SEARCH_PATHS = ("/Users/sarabilich/Documents/lib/eigen-eigen-07105f7124f9", "/Users/sarabilich/Documents/lib/glfw-3.1.2/include", "/Users/sarabilich/Documents/lib/glew-1.13.0/include", );
				INSTALL_PATH = "";
				OTHER_LDFLAGS = " ";
				OTHER_REZFLAGS = "";
				PRODUCT_NAME = ALL_BUILD;
				SECTORDER_FLAGS = "";
				SYMROOT = /Users/sarabilich/Documents/ICEX/kmreimerICEX/build;
				USE_HEADERMAP = NO;
				WARNING_CFLAGS = ("-Wmost", "-Wno-four-char-constants", "-Wno-unknown-pragmas", "$(inherited)", );
			};
			name = MinSizeRel;
		};
		FA380BB9E75A4B80B1C820FB /* Release */ = {
			isa = XCBuildConfiguration;
			buildSettings = {
				COMBINE_HIDPI_IMAGES = YES;
				EXECUTABLE_PREFIX = lib;
				EXECUTABLE_SUFFIX = .a;
				GCC_GENERATE_DEBUGGING_SYMBOLS = NO;
				GCC_INLINES_ARE_PRIVATE_EXTERN = NO;
				GCC_OPTIMIZATION_LEVEL = 3;
				GCC_PREPROCESSOR_DEFINITIONS = ("'CMAKE_INTDIR=\"$(CONFIGURATION)$(EFFECTIVE_PLATFORM_NAME)\"'", _GLFW_USE_CONFIG_H, );
				GCC_SYMBOLS_PRIVATE_EXTERN = NO;
				HEADER_SEARCH_PATHS = ("/Users/sarabilich/Documents/lib/eigen-eigen-07105f7124f9", "/Users/sarabilich/Documents/lib/glfw-3.1.2/src", "/Users/sarabilich/Documents/lib/glfw-3.1.2/debug/src", );
				INSTALL_PATH = "";
				LIBRARY_STYLE = STATIC;
				OTHER_CFLAGS = "    -DNDEBUG -fPIC   -Wall";
				OTHER_LIBTOOLFLAGS = " ";
				OTHER_REZFLAGS = "";
				PRODUCT_NAME = glfw3;
				SECTORDER_FLAGS = "";
				SYMROOT = "/Users/sarabilich/Documents/lib/glfw-3.1.2/debug/src";
				USE_HEADERMAP = NO;
				WARNING_CFLAGS = ("-Wmost", "-Wno-four-char-constants", "-Wno-unknown-pragmas", "$(inherited)", );
			};
			name = Release;
		};
/* End XCBuildConfiguration section */

/* Begin XCConfigurationList section */
		05E4523E8E2B49EC9E042593 /* Build configuration list for PBXAggregateTarget "uninstall" */ = {
			isa = XCConfigurationList;
			buildConfigurations = (
				7E2FC2F67B144779A8070820 /* Debug */,
				1F0BBC416897416587BDCAD2 /* Release */,
				6EBD43848FB84E61AC114CA4 /* MinSizeRel */,
				EB9CA104B1FC4AC7BB169F69 /* RelWithDebInfo */,
			);
			defaultConfigurationIsVisible = 0;
			defaultConfigurationName = Debug;
		};
		10E496BDB7844A1194B410C7 /* Build configuration list for PBXNativeTarget "ProjF" */ = {
			isa = XCConfigurationList;
			buildConfigurations = (
				1706F59E7F2144479A782EB1 /* Debug */,
				A5909FCAECD4402DBE820360 /* Release */,
				8884174B564C4B8786F8A410 /* MinSizeRel */,
				D0A1AB797CA24D55B3DBCC24 /* RelWithDebInfo */,
			);
			defaultConfigurationIsVisible = 0;
			defaultConfigurationName = Debug;
		};
		351D4F1AD02F4E27B1A1D447 /* Build configuration list for PBXProject "ProjF" */ = {
			isa = XCConfigurationList;
			buildConfigurations = (
				A48461F0357842A79DEB54AB /* Debug */,
				467D4D7583E04A8C8BD47519 /* Release */,
				B72B66F9538244BD85FB1A50 /* MinSizeRel */,
				539E8FFB3AF64475867D9A18 /* RelWithDebInfo */,
			);
			defaultConfigurationIsVisible = 0;
			defaultConfigurationName = Debug;
		};
		56415DE2D40E48B89CFD4939 /* Build configuration list for PBXAggregateTarget "ALL_BUILD" */ = {
			isa = XCConfigurationList;
			buildConfigurations = (
				9ECB27CB0F5840158C5B4845 /* Debug */,
				C0C430AFB0D3494BB4753C8D /* Release */,
				F18E405A22E04612A1CA17A7 /* MinSizeRel */,
				2C98A0A816FD4240A6764089 /* RelWithDebInfo */,
			);
			defaultConfigurationIsVisible = 0;
			defaultConfigurationName = Debug;
		};
		A3C6DA49410E4D1AB7741D3C /* Build configuration list for PBXAggregateTarget "install" */ = {
			isa = XCConfigurationList;
			buildConfigurations = (
				E06BABC2BB004D2989DB0C9D /* Debug */,
				BCFDCF49ECD6470A9CE9C990 /* Release */,
				90CD17FDD2F74E69B34E4894 /* MinSizeRel */,
				D128F807B69D436480A4AF57 /* RelWithDebInfo */,
			);
			defaultConfigurationIsVisible = 0;
			defaultConfigurationName = Debug;
		};
		CF85CA172D6648A7BC22C395 /* Build configuration list for PBXNativeTarget "glfw" */ = {
			isa = XCConfigurationList;
			buildConfigurations = (
				DC69DEDCB5F94614B190C950 /* Debug */,
				FA380BB9E75A4B80B1C820FB /* Release */,
				46DFE854C079410B9A17C16E /* MinSizeRel */,
				7EC28EA3A9404FEBA48FB9E8 /* RelWithDebInfo */,
			);
			defaultConfigurationIsVisible = 0;
			defaultConfigurationName = Debug;
		};
		F4F821D261304D0584807DDC /* Build configuration list for PBXAggregateTarget "ZERO_CHECK" */ = {
			isa = XCConfigurationList;
			buildConfigurations = (
				B2361868682C4E58B782F788 /* Debug */,
				9F9B320883554DEEA7EA48E9 /* Release */,
				73947E23C0184113AD87DA3A /* MinSizeRel */,
				5BB9C8107D4E4F52BCCD11A6 /* RelWithDebInfo */,
			);
			defaultConfigurationIsVisible = 0;
			defaultConfigurationName = Debug;
		};
/* End XCConfigurationList section */
	};
	rootObject = 406E39B3BFF84FF8BF95864E /* Project object */;
}
